// !$*UTF8*$!
{
	archiveVersion = 1;
	classes = {
	};
	objectVersion = 50;
	objects = {

/* Begin PBXBuildFile section */
		804763E42468A7C80072DD04 /* SparrowAsset.framework in Frameworks */ = {isa = PBXBuildFile; fileRef = 804763DA2468A7C80072DD04 /* SparrowAsset.framework */; };
		804763E92468A7C80072DD04 /* SparrowAssetTests.swift in Sources */ = {isa = PBXBuildFile; fileRef = 804763E82468A7C80072DD04 /* SparrowAssetTests.swift */; };
		804763EB2468A7C80072DD04 /* SparrowAsset.h in Headers */ = {isa = PBXBuildFile; fileRef = 804763DD2468A7C80072DD04 /* SparrowAsset.h */; settings = {ATTRIBUTES = (Public, ); }; };
		804763F62468A7DC0072DD04 /* SparrowBinaryCoder.framework in Frameworks */ = {isa = PBXBuildFile; fileRef = 804763F52468A7DC0072DD04 /* SparrowBinaryCoder.framework */; };
		804764072468A7F30072DD04 /* SparrowAssetLoader.swift in Sources */ = {isa = PBXBuildFile; fileRef = 804763FB2468A7F20072DD04 /* SparrowAssetLoader.swift */; };
		804764082468A7F30072DD04 /* SATexture.swift in Sources */ = {isa = PBXBuildFile; fileRef = 804764052468A7F30072DD04 /* SATexture.swift */; };
		804764092468A7F30072DD04 /* SAScene.swift in Sources */ = {isa = PBXBuildFile; fileRef = 804764062468A7F30072DD04 /* SAScene.swift */; };
		8047640A2468A7F30072DD04 /* SABufferView.swift in Sources */ = {isa = PBXBuildFile; fileRef = 804764002468A7F20072DD04 /* SABufferView.swift */; };
		8047640B2468A7F30072DD04 /* SALight.swift in Sources */ = {isa = PBXBuildFile; fileRef = 804763FC2468A7F20072DD04 /* SALight.swift */; };
		8047640C2468A7F30072DD04 /* SAMesh.swift in Sources */ = {isa = PBXBuildFile; fileRef = 804763FF2468A7F20072DD04 /* SAMesh.swift */; };
		8047640D2468A7F30072DD04 /* SACamera.swift in Sources */ = {isa = PBXBuildFile; fileRef = 804764022468A7F30072DD04 /* SACamera.swift */; };
		8047640E2468A7F30072DD04 /* SAAsset.swift in Sources */ = {isa = PBXBuildFile; fileRef = 804764042468A7F30072DD04 /* SAAsset.swift */; };
		8047640F2468A7F30072DD04 /* SANode.swift in Sources */ = {isa = PBXBuildFile; fileRef = 804763FA2468A7F10072DD04 /* SANode.swift */; };
		804764102468A7F30072DD04 /* SparrowAssetWriter.swift in Sources */ = {isa = PBXBuildFile; fileRef = 804764012468A7F20072DD04 /* SparrowAssetWriter.swift */; };
		804764112468A7F30072DD04 /* SAMaterial.swift in Sources */ = {isa = PBXBuildFile; fileRef = 804763FE2468A7F20072DD04 /* SAMaterial.swift */; };
		804764122468A7F30072DD04 /* SABuffer.swift in Sources */ = {isa = PBXBuildFile; fileRef = 804763FD2468A7F20072DD04 /* SABuffer.swift */; };
		804764132468A7F30072DD04 /* SASubmesh.swift in Sources */ = {isa = PBXBuildFile; fileRef = 804763F92468A7F10072DD04 /* SASubmesh.swift */; };
		804764142468A7F30072DD04 /* SAFileHeader.swift in Sources */ = {isa = PBXBuildFile; fileRef = 804764032468A7F30072DD04 /* SAFileHeader.swift */; };
		804764172468AE8D0072DD04 /* SABounds.swift in Sources */ = {isa = PBXBuildFile; fileRef = 804764162468AE8D0072DD04 /* SABounds.swift */; };
/* End PBXBuildFile section */

/* Begin PBXContainerItemProxy section */
		804763E52468A7C80072DD04 /* PBXContainerItemProxy */ = {
			isa = PBXContainerItemProxy;
			containerPortal = 804763D12468A7C80072DD04 /* Project object */;
			proxyType = 1;
			remoteGlobalIDString = 804763D92468A7C80072DD04;
			remoteInfo = SparrowAsset;
		};
/* End PBXContainerItemProxy section */

/* Begin PBXFileReference section */
		804763DA2468A7C80072DD04 /* SparrowAsset.framework */ = {isa = PBXFileReference; explicitFileType = wrapper.framework; includeInIndex = 0; path = SparrowAsset.framework; sourceTree = BUILT_PRODUCTS_DIR; };
		804763DD2468A7C80072DD04 /* SparrowAsset.h */ = {isa = PBXFileReference; lastKnownFileType = sourcecode.c.h; path = SparrowAsset.h; sourceTree = "<group>"; };
		804763DE2468A7C80072DD04 /* Info.plist */ = {isa = PBXFileReference; lastKnownFileType = text.plist.xml; path = Info.plist; sourceTree = "<group>"; };
		804763E32468A7C80072DD04 /* SparrowAssetTests.xctest */ = {isa = PBXFileReference; explicitFileType = wrapper.cfbundle; includeInIndex = 0; path = SparrowAssetTests.xctest; sourceTree = BUILT_PRODUCTS_DIR; };
		804763E82468A7C80072DD04 /* SparrowAssetTests.swift */ = {isa = PBXFileReference; lastKnownFileType = sourcecode.swift; path = SparrowAssetTests.swift; sourceTree = "<group>"; };
		804763EA2468A7C80072DD04 /* Info.plist */ = {isa = PBXFileReference; lastKnownFileType = text.plist.xml; path = Info.plist; sourceTree = "<group>"; };
		804763F52468A7DC0072DD04 /* SparrowBinaryCoder.framework */ = {isa = PBXFileReference; explicitFileType = wrapper.framework; path = SparrowBinaryCoder.framework; sourceTree = BUILT_PRODUCTS_DIR; };
		804763F92468A7F10072DD04 /* SASubmesh.swift */ = {isa = PBXFileReference; lastKnownFileType = sourcecode.swift; path = SASubmesh.swift; sourceTree = "<group>"; };
		804763FA2468A7F10072DD04 /* SANode.swift */ = {isa = PBXFileReference; lastKnownFileType = sourcecode.swift; path = SANode.swift; sourceTree = "<group>"; };
		804763FB2468A7F20072DD04 /* SparrowAssetLoader.swift */ = {isa = PBXFileReference; lastKnownFileType = sourcecode.swift; path = SparrowAssetLoader.swift; sourceTree = "<group>"; };
		804763FC2468A7F20072DD04 /* SALight.swift */ = {isa = PBXFileReference; lastKnownFileType = sourcecode.swift; path = SALight.swift; sourceTree = "<group>"; };
		804763FD2468A7F20072DD04 /* SABuffer.swift */ = {isa = PBXFileReference; lastKnownFileType = sourcecode.swift; path = SABuffer.swift; sourceTree = "<group>"; };
		804763FE2468A7F20072DD04 /* SAMaterial.swift */ = {isa = PBXFileReference; lastKnownFileType = sourcecode.swift; path = SAMaterial.swift; sourceTree = "<group>"; };
		804763FF2468A7F20072DD04 /* SAMesh.swift */ = {isa = PBXFileReference; lastKnownFileType = sourcecode.swift; path = SAMesh.swift; sourceTree = "<group>"; };
		804764002468A7F20072DD04 /* SABufferView.swift */ = {isa = PBXFileReference; lastKnownFileType = sourcecode.swift; path = SABufferView.swift; sourceTree = "<group>"; };
		804764012468A7F20072DD04 /* SparrowAssetWriter.swift */ = {isa = PBXFileReference; lastKnownFileType = sourcecode.swift; path = SparrowAssetWriter.swift; sourceTree = "<group>"; };
		804764022468A7F30072DD04 /* SACamera.swift */ = {isa = PBXFileReference; lastKnownFileType = sourcecode.swift; path = SACamera.swift; sourceTree = "<group>"; };
		804764032468A7F30072DD04 /* SAFileHeader.swift */ = {isa = PBXFileReference; lastKnownFileType = sourcecode.swift; path = SAFileHeader.swift; sourceTree = "<group>"; };
		804764042468A7F30072DD04 /* SAAsset.swift */ = {isa = PBXFileReference; lastKnownFileType = sourcecode.swift; path = SAAsset.swift; sourceTree = "<group>"; };
		804764052468A7F30072DD04 /* SATexture.swift */ = {isa = PBXFileReference; lastKnownFileType = sourcecode.swift; path = SATexture.swift; sourceTree = "<group>"; };
		804764062468A7F30072DD04 /* SAScene.swift */ = {isa = PBXFileReference; lastKnownFileType = sourcecode.swift; path = SAScene.swift; sourceTree = "<group>"; };
		804764162468AE8D0072DD04 /* SABounds.swift */ = {isa = PBXFileReference; lastKnownFileType = sourcecode.swift; path = SABounds.swift; sourceTree = "<group>"; };
/* End PBXFileReference section */

/* Begin PBXFrameworksBuildPhase section */
		804763D72468A7C80072DD04 /* Frameworks */ = {
			isa = PBXFrameworksBuildPhase;
			buildActionMask = 2147483647;
			files = (
				804763F62468A7DC0072DD04 /* SparrowBinaryCoder.framework in Frameworks */,
			);
			runOnlyForDeploymentPostprocessing = 0;
		};
		804763E02468A7C80072DD04 /* Frameworks */ = {
			isa = PBXFrameworksBuildPhase;
			buildActionMask = 2147483647;
			files = (
				804763E42468A7C80072DD04 /* SparrowAsset.framework in Frameworks */,
			);
			runOnlyForDeploymentPostprocessing = 0;
		};
/* End PBXFrameworksBuildPhase section */

/* Begin PBXGroup section */
		804763D02468A7C80072DD04 = {
			isa = PBXGroup;
			children = (
				804763DC2468A7C80072DD04 /* SparrowAsset */,
				804763E72468A7C80072DD04 /* SparrowAssetTests */,
				804763DB2468A7C80072DD04 /* Products */,
				804763F42468A7DC0072DD04 /* Frameworks */,
			);
			sourceTree = "<group>";
		};
		804763DB2468A7C80072DD04 /* Products */ = {
			isa = PBXGroup;
			children = (
				804763DA2468A7C80072DD04 /* SparrowAsset.framework */,
				804763E32468A7C80072DD04 /* SparrowAssetTests.xctest */,
			);
			name = Products;
			sourceTree = "<group>";
		};
		804763DC2468A7C80072DD04 /* SparrowAsset */ = {
			isa = PBXGroup;
			children = (
				804764152468A80F0072DD04 /* Structure */,
				804763FB2468A7F20072DD04 /* SparrowAssetLoader.swift */,
				804764012468A7F20072DD04 /* SparrowAssetWriter.swift */,
				804763DD2468A7C80072DD04 /* SparrowAsset.h */,
				804763DE2468A7C80072DD04 /* Info.plist */,
			);
			path = SparrowAsset;
			sourceTree = "<group>";
		};
		804763E72468A7C80072DD04 /* SparrowAssetTests */ = {
			isa = PBXGroup;
			children = (
				804763E82468A7C80072DD04 /* SparrowAssetTests.swift */,
				804763EA2468A7C80072DD04 /* Info.plist */,
			);
			path = SparrowAssetTests;
			sourceTree = "<group>";
		};
		804763F42468A7DC0072DD04 /* Frameworks */ = {
			isa = PBXGroup;
			children = (
				804763F52468A7DC0072DD04 /* SparrowBinaryCoder.framework */,
			);
			name = Frameworks;
			sourceTree = "<group>";
		};
		804764152468A80F0072DD04 /* Structure */ = {
			isa = PBXGroup;
			children = (
				804763FE2468A7F20072DD04 /* SAMaterial.swift */,
				804764042468A7F30072DD04 /* SAAsset.swift */,
				804764032468A7F30072DD04 /* SAFileHeader.swift */,
				804763FA2468A7F10072DD04 /* SANode.swift */,
				804763FF2468A7F20072DD04 /* SAMesh.swift */,
				804763F92468A7F10072DD04 /* SASubmesh.swift */,
				804764062468A7F30072DD04 /* SAScene.swift */,
				804764052468A7F30072DD04 /* SATexture.swift */,
				804764022468A7F30072DD04 /* SACamera.swift */,
				804763FC2468A7F20072DD04 /* SALight.swift */,
				804763FD2468A7F20072DD04 /* SABuffer.swift */,
				804764002468A7F20072DD04 /* SABufferView.swift */,
				804764162468AE8D0072DD04 /* SABounds.swift */,
			);
			path = Structure;
			sourceTree = "<group>";
		};
/* End PBXGroup section */

/* Begin PBXHeadersBuildPhase section */
		804763D52468A7C80072DD04 /* Headers */ = {
			isa = PBXHeadersBuildPhase;
			buildActionMask = 2147483647;
			files = (
				804763EB2468A7C80072DD04 /* SparrowAsset.h in Headers */,
			);
			runOnlyForDeploymentPostprocessing = 0;
		};
/* End PBXHeadersBuildPhase section */

/* Begin PBXNativeTarget section */
		804763D92468A7C80072DD04 /* SparrowAsset */ = {
			isa = PBXNativeTarget;
			buildConfigurationList = 804763EE2468A7C80072DD04 /* Build configuration list for PBXNativeTarget "SparrowAsset" */;
			buildPhases = (
				804763D52468A7C80072DD04 /* Headers */,
				804763D62468A7C80072DD04 /* Sources */,
				804763D72468A7C80072DD04 /* Frameworks */,
				804763D82468A7C80072DD04 /* Resources */,
			);
			buildRules = (
			);
			dependencies = (
			);
			name = SparrowAsset;
			productName = SparrowAsset;
			productReference = 804763DA2468A7C80072DD04 /* SparrowAsset.framework */;
			productType = "com.apple.product-type.framework";
		};
		804763E22468A7C80072DD04 /* SparrowAssetTests */ = {
			isa = PBXNativeTarget;
			buildConfigurationList = 804763F12468A7C80072DD04 /* Build configuration list for PBXNativeTarget "SparrowAssetTests" */;
			buildPhases = (
				804763DF2468A7C80072DD04 /* Sources */,
				804763E02468A7C80072DD04 /* Frameworks */,
				804763E12468A7C80072DD04 /* Resources */,
			);
			buildRules = (
			);
			dependencies = (
				804763E62468A7C80072DD04 /* PBXTargetDependency */,
			);
			name = SparrowAssetTests;
			productName = SparrowAssetTests;
			productReference = 804763E32468A7C80072DD04 /* SparrowAssetTests.xctest */;
			productType = "com.apple.product-type.bundle.unit-test";
		};
/* End PBXNativeTarget section */

/* Begin PBXProject section */
		804763D12468A7C80072DD04 /* Project object */ = {
			isa = PBXProject;
			attributes = {
				LastSwiftUpdateCheck = 1140;
				LastUpgradeCheck = 1150;
				ORGANIZATIONNAME = "Jos Kuijpers";
				TargetAttributes = {
					804763D92468A7C80072DD04 = {
						CreatedOnToolsVersion = 11.4.1;
					};
					804763E22468A7C80072DD04 = {
						CreatedOnToolsVersion = 11.4.1;
					};
				};
			};
			buildConfigurationList = 804763D42468A7C80072DD04 /* Build configuration list for PBXProject "SparrowAsset" */;
			compatibilityVersion = "Xcode 9.3";
			developmentRegion = en;
			hasScannedForEncodings = 0;
			knownRegions = (
				en,
				Base,
			);
			mainGroup = 804763D02468A7C80072DD04;
			productRefGroup = 804763DB2468A7C80072DD04 /* Products */;
			projectDirPath = "";
			projectRoot = "";
			targets = (
				804763D92468A7C80072DD04 /* SparrowAsset */,
				804763E22468A7C80072DD04 /* SparrowAssetTests */,
			);
		};
/* End PBXProject section */

/* Begin PBXResourcesBuildPhase section */
		804763D82468A7C80072DD04 /* Resources */ = {
			isa = PBXResourcesBuildPhase;
			buildActionMask = 2147483647;
			files = (
			);
			runOnlyForDeploymentPostprocessing = 0;
		};
		804763E12468A7C80072DD04 /* Resources */ = {
			isa = PBXResourcesBuildPhase;
			buildActionMask = 2147483647;
			files = (
			);
			runOnlyForDeploymentPostprocessing = 0;
		};
/* End PBXResourcesBuildPhase section */

/* Begin PBXSourcesBuildPhase section */
		804763D62468A7C80072DD04 /* Sources */ = {
			isa = PBXSourcesBuildPhase;
			buildActionMask = 2147483647;
			files = (
				804764102468A7F30072DD04 /* SparrowAssetWriter.swift in Sources */,
				804764072468A7F30072DD04 /* SparrowAssetLoader.swift in Sources */,
				804764082468A7F30072DD04 /* SATexture.swift in Sources */,
				804764132468A7F30072DD04 /* SASubmesh.swift in Sources */,
				8047640F2468A7F30072DD04 /* SANode.swift in Sources */,
				804764172468AE8D0072DD04 /* SABounds.swift in Sources */,
				8047640D2468A7F30072DD04 /* SACamera.swift in Sources */,
				804764142468A7F30072DD04 /* SAFileHeader.swift in Sources */,
				8047640A2468A7F30072DD04 /* SABufferView.swift in Sources */,
				8047640E2468A7F30072DD04 /* SAAsset.swift in Sources */,
				804764122468A7F30072DD04 /* SABuffer.swift in Sources */,
				804764092468A7F30072DD04 /* SAScene.swift in Sources */,
				804764112468A7F30072DD04 /* SAMaterial.swift in Sources */,
				8047640C2468A7F30072DD04 /* SAMesh.swift in Sources */,
				8047640B2468A7F30072DD04 /* SALight.swift in Sources */,
			);
			runOnlyForDeploymentPostprocessing = 0;
		};
		804763DF2468A7C80072DD04 /* Sources */ = {
			isa = PBXSourcesBuildPhase;
			buildActionMask = 2147483647;
			files = (
				804763E92468A7C80072DD04 /* SparrowAssetTests.swift in Sources */,
			);
			runOnlyForDeploymentPostprocessing = 0;
		};
/* End PBXSourcesBuildPhase section */

/* Begin PBXTargetDependency section */
		804763E62468A7C80072DD04 /* PBXTargetDependency */ = {
			isa = PBXTargetDependency;
			target = 804763D92468A7C80072DD04 /* SparrowAsset */;
			targetProxy = 804763E52468A7C80072DD04 /* PBXContainerItemProxy */;
		};
/* End PBXTargetDependency section */

/* Begin XCBuildConfiguration section */
		804763EC2468A7C80072DD04 /* Debug */ = {
			isa = XCBuildConfiguration;
			buildSettings = {
				ALWAYS_SEARCH_USER_PATHS = NO;
				CLANG_ANALYZER_NONNULL = YES;
				CLANG_ANALYZER_NUMBER_OBJECT_CONVERSION = YES_AGGRESSIVE;
				CLANG_CXX_LANGUAGE_STANDARD = "gnu++14";
				CLANG_CXX_LIBRARY = "libc++";
				CLANG_ENABLE_MODULES = YES;
				CLANG_ENABLE_OBJC_ARC = YES;
				CLANG_ENABLE_OBJC_WEAK = YES;
				CLANG_WARN_BLOCK_CAPTURE_AUTORELEASING = YES;
				CLANG_WARN_BOOL_CONVERSION = YES;
				CLANG_WARN_COMMA = YES;
				CLANG_WARN_CONSTANT_CONVERSION = YES;
				CLANG_WARN_DEPRECATED_OBJC_IMPLEMENTATIONS = YES;
				CLANG_WARN_DIRECT_OBJC_ISA_USAGE = YES_ERROR;
				CLANG_WARN_DOCUMENTATION_COMMENTS = YES;
				CLANG_WARN_EMPTY_BODY = YES;
				CLANG_WARN_ENUM_CONVERSION = YES;
				CLANG_WARN_INFINITE_RECURSION = YES;
				CLANG_WARN_INT_CONVERSION = YES;
				CLANG_WARN_NON_LITERAL_NULL_CONVERSION = YES;
				CLANG_WARN_OBJC_IMPLICIT_RETAIN_SELF = YES;
				CLANG_WARN_OBJC_LITERAL_CONVERSION = YES;
				CLANG_WARN_OBJC_ROOT_CLASS = YES_ERROR;
				CLANG_WARN_RANGE_LOOP_ANALYSIS = YES;
				CLANG_WARN_STRICT_PROTOTYPES = YES;
				CLANG_WARN_SUSPICIOUS_MOVE = YES;
				CLANG_WARN_UNGUARDED_AVAILABILITY = YES_AGGRESSIVE;
				CLANG_WARN_UNREACHABLE_CODE = YES;
				CLANG_WARN__DUPLICATE_METHOD_MATCH = YES;
				COPY_PHASE_STRIP = NO;
				CURRENT_PROJECT_VERSION = 1;
				DEBUG_INFORMATION_FORMAT = dwarf;
				ENABLE_STRICT_OBJC_MSGSEND = YES;
				ENABLE_TESTABILITY = YES;
				GCC_C_LANGUAGE_STANDARD = gnu11;
				GCC_DYNAMIC_NO_PIC = NO;
				GCC_NO_COMMON_BLOCKS = YES;
				GCC_OPTIMIZATION_LEVEL = 0;
				GCC_PREPROCESSOR_DEFINITIONS = (
					"DEBUG=1",
					"$(inherited)",
				);
				GCC_WARN_64_TO_32_BIT_CONVERSION = YES;
				GCC_WARN_ABOUT_RETURN_TYPE = YES_ERROR;
				GCC_WARN_UNDECLARED_SELECTOR = YES;
				GCC_WARN_UNINITIALIZED_AUTOS = YES_AGGRESSIVE;
				GCC_WARN_UNUSED_FUNCTION = YES;
				GCC_WARN_UNUSED_VARIABLE = YES;
				MACOSX_DEPLOYMENT_TARGET = 10.15;
				MTL_ENABLE_DEBUG_INFO = INCLUDE_SOURCE;
				MTL_FAST_MATH = YES;
				ONLY_ACTIVE_ARCH = YES;
				SDKROOT = macosx;
				SWIFT_ACTIVE_COMPILATION_CONDITIONS = DEBUG;
				SWIFT_OPTIMIZATION_LEVEL = "-Onone";
				VERSIONING_SYSTEM = "apple-generic";
				VERSION_INFO_PREFIX = "";
			};
			name = Debug;
		};
		804763ED2468A7C80072DD04 /* Release */ = {
			isa = XCBuildConfiguration;
			buildSettings = {
				ALWAYS_SEARCH_USER_PATHS = NO;
				CLANG_ANALYZER_NONNULL = YES;
				CLANG_ANALYZER_NUMBER_OBJECT_CONVERSION = YES_AGGRESSIVE;
				CLANG_CXX_LANGUAGE_STANDARD = "gnu++14";
				CLANG_CXX_LIBRARY = "libc++";
				CLANG_ENABLE_MODULES = YES;
				CLANG_ENABLE_OBJC_ARC = YES;
				CLANG_ENABLE_OBJC_WEAK = YES;
				CLANG_WARN_BLOCK_CAPTURE_AUTORELEASING = YES;
				CLANG_WARN_BOOL_CONVERSION = YES;
				CLANG_WARN_COMMA = YES;
				CLANG_WARN_CONSTANT_CONVERSION = YES;
				CLANG_WARN_DEPRECATED_OBJC_IMPLEMENTATIONS = YES;
				CLANG_WARN_DIRECT_OBJC_ISA_USAGE = YES_ERROR;
				CLANG_WARN_DOCUMENTATION_COMMENTS = YES;
				CLANG_WARN_EMPTY_BODY = YES;
				CLANG_WARN_ENUM_CONVERSION = YES;
				CLANG_WARN_INFINITE_RECURSION = YES;
				CLANG_WARN_INT_CONVERSION = YES;
				CLANG_WARN_NON_LITERAL_NULL_CONVERSION = YES;
				CLANG_WARN_OBJC_IMPLICIT_RETAIN_SELF = YES;
				CLANG_WARN_OBJC_LITERAL_CONVERSION = YES;
				CLANG_WARN_OBJC_ROOT_CLASS = YES_ERROR;
				CLANG_WARN_RANGE_LOOP_ANALYSIS = YES;
				CLANG_WARN_STRICT_PROTOTYPES = YES;
				CLANG_WARN_SUSPICIOUS_MOVE = YES;
				CLANG_WARN_UNGUARDED_AVAILABILITY = YES_AGGRESSIVE;
				CLANG_WARN_UNREACHABLE_CODE = YES;
				CLANG_WARN__DUPLICATE_METHOD_MATCH = YES;
				COPY_PHASE_STRIP = NO;
				CURRENT_PROJECT_VERSION = 1;
				DEBUG_INFORMATION_FORMAT = "dwarf-with-dsym";
				ENABLE_NS_ASSERTIONS = NO;
				ENABLE_STRICT_OBJC_MSGSEND = YES;
				GCC_C_LANGUAGE_STANDARD = gnu11;
				GCC_NO_COMMON_BLOCKS = YES;
				GCC_WARN_64_TO_32_BIT_CONVERSION = YES;
				GCC_WARN_ABOUT_RETURN_TYPE = YES_ERROR;
				GCC_WARN_UNDECLARED_SELECTOR = YES;
				GCC_WARN_UNINITIALIZED_AUTOS = YES_AGGRESSIVE;
				GCC_WARN_UNUSED_FUNCTION = YES;
				GCC_WARN_UNUSED_VARIABLE = YES;
				MACOSX_DEPLOYMENT_TARGET = 10.15;
				MTL_ENABLE_DEBUG_INFO = NO;
				MTL_FAST_MATH = YES;
				SDKROOT = macosx;
				SWIFT_COMPILATION_MODE = wholemodule;
				SWIFT_OPTIMIZATION_LEVEL = "-O";
				VERSIONING_SYSTEM = "apple-generic";
				VERSION_INFO_PREFIX = "";
			};
			name = Release;
		};
		804763EF2468A7C80072DD04 /* Debug */ = {
			isa = XCBuildConfiguration;
			buildSettings = {
				CODE_SIGN_IDENTITY = "";
				CODE_SIGN_STYLE = Automatic;
				COMBINE_HIDPI_IMAGES = YES;
				DEFINES_MODULE = YES;
				DEVELOPMENT_TEAM = 95XB3LMP34;
				DYLIB_COMPATIBILITY_VERSION = 1;
				DYLIB_CURRENT_VERSION = 1;
				DYLIB_INSTALL_NAME_BASE = "@rpath";
				INFOPLIST_FILE = SparrowAsset/Info.plist;
				INSTALL_PATH = "$(LOCAL_LIBRARY_DIR)/Frameworks";
				LD_RUNPATH_SEARCH_PATHS = (
					"$(inherited)",
					"@executable_path/../Frameworks",
					"@loader_path/Frameworks",
				);
				PRODUCT_BUNDLE_IDENTIFIER = nl.joskuijpers.SparrowAsset;
				PRODUCT_NAME = "$(TARGET_NAME:c99extidentifier)";
				SKIP_INSTALL = YES;
				SWIFT_VERSION = 5.0;
			};
			name = Debug;
		};
		804763F02468A7C80072DD04 /* Release */ = {
			isa = XCBuildConfiguration;
			buildSettings = {
				CODE_SIGN_IDENTITY = "";
				CODE_SIGN_STYLE = Automatic;
				COMBINE_HIDPI_IMAGES = YES;
				DEFINES_MODULE = YES;
				DEVELOPMENT_TEAM = 95XB3LMP34;
				DYLIB_COMPATIBILITY_VERSION = 1;
				DYLIB_CURRENT_VERSION = 1;
				DYLIB_INSTALL_NAME_BASE = "@rpath";
				INFOPLIST_FILE = SparrowAsset/Info.plist;
				INSTALL_PATH = "$(LOCAL_LIBRARY_DIR)/Frameworks";
				LD_RUNPATH_SEARCH_PATHS = (
					"$(inherited)",
					"@executable_path/../Frameworks",
					"@loader_path/Frameworks",
				);
				PRODUCT_BUNDLE_IDENTIFIER = nl.joskuijpers.SparrowAsset;
				PRODUCT_NAME = "$(TARGET_NAME:c99extidentifier)";
				SKIP_INSTALL = YES;
				SWIFT_VERSION = 5.0;
			};
			name = Release;
		};
		804763F22468A7C80072DD04 /* Debug */ = {
			isa = XCBuildConfiguration;
			buildSettings = {
				ALWAYS_EMBED_SWIFT_STANDARD_LIBRARIES = YES;
				CODE_SIGN_STYLE = Automatic;
				COMBINE_HIDPI_IMAGES = YES;
				DEVELOPMENT_TEAM = 95XB3LMP34;
				INFOPLIST_FILE = SparrowAssetTests/Info.plist;
				LD_RUNPATH_SEARCH_PATHS = (
					"$(inherited)",
					"@executable_path/../Frameworks",
					"@loader_path/../Frameworks",
				);
				PRODUCT_BUNDLE_IDENTIFIER = nl.joskuijpers.SparrowAssetTests;
				PRODUCT_NAME = "$(TARGET_NAME)";
				SWIFT_VERSION = 5.0;
			};
			name = Debug;
		};
		804763F32468A7C80072DD04 /* Release */ = {
			isa = XCBuildConfiguration;
			buildSettings = {
				ALWAYS_EMBED_SWIFT_STANDARD_LIBRARIES = YES;
				CODE_SIGN_STYLE = Automatic;
				COMBINE_HIDPI_IMAGES = YES;
				DEVELOPMENT_TEAM = 95XB3LMP34;
				INFOPLIST_FILE = SparrowAssetTests/Info.plist;
				LD_RUNPATH_SEARCH_PATHS = (
					"$(inherited)",
					"@executable_path/../Frameworks",
					"@loader_path/../Frameworks",
				);
				PRODUCT_BUNDLE_IDENTIFIER = nl.joskuijpers.SparrowAssetTests;
				PRODUCT_NAME = "$(TARGET_NAME)";
				SWIFT_VERSION = 5.0;
			};
			name = Release;
		};
/* End XCBuildConfiguration section */

/* Begin XCConfigurationList section */
		804763D42468A7C80072DD04 /* Build configuration list for PBXProject "SparrowAsset" */ = {
			isa = XCConfigurationList;
			buildConfigurations = (
				804763EC2468A7C80072DD04 /* Debug */,
				804763ED2468A7C80072DD04 /* Release */,
			);
			defaultConfigurationIsVisible = 0;
			defaultConfigurationName = Release;
		};
		804763EE2468A7C80072DD04 /* Build configuration list for PBXNativeTarget "SparrowAsset" */ = {
			isa = XCConfigurationList;
			buildConfigurations = (
				804763EF2468A7C80072DD04 /* Debug */,
				804763F02468A7C80072DD04 /* Release */,
			);
			defaultConfigurationIsVisible = 0;
			defaultConfigurationName = Release;
		};
		804763F12468A7C80072DD04 /* Build configuration list for PBXNativeTarget "SparrowAssetTests" */ = {
			isa = XCConfigurationList;
			buildConfigurations = (
				804763F22468A7C80072DD04 /* Debug */,
				804763F32468A7C80072DD04 /* Release */,
			);
			defaultConfigurationIsVisible = 0;
			defaultConfigurationName = Release;
		};
/* End XCConfigurationList section */
	};
	rootObject = 804763D12468A7C80072DD04 /* Project object */;
}
