// !$*UTF8*$!
{
	archiveVersion = 1;
	classes = {
	};
	objectVersion = 50;
	objects = {

/* Begin PBXBuildFile section */
		80A462CA238F0FB6009435EB /* AppDelegate.swift in Sources */ = {isa = PBXBuildFile; fileRef = 80A462C9238F0FB6009435EB /* AppDelegate.swift */; };
		80A462CC238F0FB6009435EB /* ViewController.swift in Sources */ = {isa = PBXBuildFile; fileRef = 80A462CB238F0FB6009435EB /* ViewController.swift */; };
		80A462CE238F0FB9009435EB /* Assets.xcassets in Resources */ = {isa = PBXBuildFile; fileRef = 80A462CD238F0FB9009435EB /* Assets.xcassets */; };
		80A462D1238F0FB9009435EB /* Main.storyboard in Resources */ = {isa = PBXBuildFile; fileRef = 80A462CF238F0FB9009435EB /* Main.storyboard */; };
		80A462DA238F100B009435EB /* GameView.swift in Sources */ = {isa = PBXBuildFile; fileRef = 80A462D9238F100B009435EB /* GameView.swift */; };
		80A462DC238F106B009435EB /* Renderer.swift in Sources */ = {isa = PBXBuildFile; fileRef = 80A462DB238F106B009435EB /* Renderer.swift */; };
		80A462DF238F124D009435EB /* Node.swift in Sources */ = {isa = PBXBuildFile; fileRef = 80A462DE238F124D009435EB /* Node.swift */; };
		80A462E1238F1254009435EB /* Scene.swift in Sources */ = {isa = PBXBuildFile; fileRef = 80A462E0238F1254009435EB /* Scene.swift */; };
		80A462E5238F1266009435EB /* Model.swift in Sources */ = {isa = PBXBuildFile; fileRef = 80A462E4238F1266009435EB /* Model.swift */; };
		80A462E7238F126A009435EB /* Mesh.swift in Sources */ = {isa = PBXBuildFile; fileRef = 80A462E6238F126A009435EB /* Mesh.swift */; };
		80A462E9238F126F009435EB /* Submesh.swift in Sources */ = {isa = PBXBuildFile; fileRef = 80A462E8238F126F009435EB /* Submesh.swift */; };
		80A462EB238F1287009435EB /* Primitive.swift in Sources */ = {isa = PBXBuildFile; fileRef = 80A462EA238F1287009435EB /* Primitive.swift */; };
		80A462ED238F14AC009435EB /* Shaders.metal in Sources */ = {isa = PBXBuildFile; fileRef = 80A462EC238F14AC009435EB /* Shaders.metal */; };
		80A462EF238F1D58009435EB /* VertexDescriptor.swift in Sources */ = {isa = PBXBuildFile; fileRef = 80A462EE238F1D58009435EB /* VertexDescriptor.swift */; };
		80A462F2238F1E25009435EB /* MathLibrary.swift in Sources */ = {isa = PBXBuildFile; fileRef = 80A462F1238F1E25009435EB /* MathLibrary.swift */; };
		80A462F4238F2025009435EB /* Texturable.swift in Sources */ = {isa = PBXBuildFile; fileRef = 80A462F3238F2025009435EB /* Texturable.swift */; };
		80A462F6238F22C5009435EB /* Camera.swift in Sources */ = {isa = PBXBuildFile; fileRef = 80A462F5238F22C5009435EB /* Camera.swift */; };
		80A462FC238F25D9009435EB /* lowpoly-house-color.png in Resources */ = {isa = PBXBuildFile; fileRef = 80A462F9238F25D9009435EB /* lowpoly-house-color.png */; };
		80A462FD238F25D9009435EB /* lowpoly-house.mtl in Resources */ = {isa = PBXBuildFile; fileRef = 80A462FA238F25D9009435EB /* lowpoly-house.mtl */; };
		80A462FE238F25D9009435EB /* lowpoly-house.obj in Resources */ = {isa = PBXBuildFile; fileRef = 80A462FB238F25D9009435EB /* lowpoly-house.obj */; };
/* End PBXBuildFile section */

/* Begin PBXFileReference section */
		80A462C6238F0FB6009435EB /* ISOGame.app */ = {isa = PBXFileReference; explicitFileType = wrapper.application; includeInIndex = 0; path = ISOGame.app; sourceTree = BUILT_PRODUCTS_DIR; };
		80A462C9238F0FB6009435EB /* AppDelegate.swift */ = {isa = PBXFileReference; lastKnownFileType = sourcecode.swift; path = AppDelegate.swift; sourceTree = "<group>"; };
		80A462CB238F0FB6009435EB /* ViewController.swift */ = {isa = PBXFileReference; lastKnownFileType = sourcecode.swift; path = ViewController.swift; sourceTree = "<group>"; };
		80A462CD238F0FB9009435EB /* Assets.xcassets */ = {isa = PBXFileReference; lastKnownFileType = folder.assetcatalog; path = Assets.xcassets; sourceTree = "<group>"; };
		80A462D0238F0FB9009435EB /* Base */ = {isa = PBXFileReference; lastKnownFileType = file.storyboard; name = Base; path = Base.lproj/Main.storyboard; sourceTree = "<group>"; };
		80A462D2238F0FB9009435EB /* Info.plist */ = {isa = PBXFileReference; lastKnownFileType = text.plist.xml; path = Info.plist; sourceTree = "<group>"; };
		80A462D3238F0FB9009435EB /* ISOGame.entitlements */ = {isa = PBXFileReference; lastKnownFileType = text.plist.entitlements; path = ISOGame.entitlements; sourceTree = "<group>"; };
		80A462D9238F100B009435EB /* GameView.swift */ = {isa = PBXFileReference; lastKnownFileType = sourcecode.swift; path = GameView.swift; sourceTree = "<group>"; };
		80A462DB238F106B009435EB /* Renderer.swift */ = {isa = PBXFileReference; lastKnownFileType = sourcecode.swift; path = Renderer.swift; sourceTree = "<group>"; };
		80A462DE238F124D009435EB /* Node.swift */ = {isa = PBXFileReference; lastKnownFileType = sourcecode.swift; path = Node.swift; sourceTree = "<group>"; };
		80A462E0238F1254009435EB /* Scene.swift */ = {isa = PBXFileReference; lastKnownFileType = sourcecode.swift; path = Scene.swift; sourceTree = "<group>"; };
		80A462E4238F1266009435EB /* Model.swift */ = {isa = PBXFileReference; lastKnownFileType = sourcecode.swift; path = Model.swift; sourceTree = "<group>"; };
		80A462E6238F126A009435EB /* Mesh.swift */ = {isa = PBXFileReference; lastKnownFileType = sourcecode.swift; path = Mesh.swift; sourceTree = "<group>"; };
		80A462E8238F126F009435EB /* Submesh.swift */ = {isa = PBXFileReference; lastKnownFileType = sourcecode.swift; path = Submesh.swift; sourceTree = "<group>"; };
		80A462EA238F1287009435EB /* Primitive.swift */ = {isa = PBXFileReference; lastKnownFileType = sourcecode.swift; path = Primitive.swift; sourceTree = "<group>"; };
		80A462EC238F14AC009435EB /* Shaders.metal */ = {isa = PBXFileReference; lastKnownFileType = sourcecode.metal; path = Shaders.metal; sourceTree = "<group>"; };
		80A462EE238F1D58009435EB /* VertexDescriptor.swift */ = {isa = PBXFileReference; lastKnownFileType = sourcecode.swift; path = VertexDescriptor.swift; sourceTree = "<group>"; };
		80A462F1238F1E25009435EB /* MathLibrary.swift */ = {isa = PBXFileReference; lastKnownFileType = sourcecode.swift; path = MathLibrary.swift; sourceTree = "<group>"; };
		80A462F3238F2025009435EB /* Texturable.swift */ = {isa = PBXFileReference; lastKnownFileType = sourcecode.swift; path = Texturable.swift; sourceTree = "<group>"; };
		80A462F5238F22C5009435EB /* Camera.swift */ = {isa = PBXFileReference; lastKnownFileType = sourcecode.swift; path = Camera.swift; sourceTree = "<group>"; };
		80A462F7238F23AC009435EB /* ShaderCommon.h */ = {isa = PBXFileReference; lastKnownFileType = sourcecode.c.h; path = ShaderCommon.h; sourceTree = "<group>"; };
		80A462F9238F25D9009435EB /* lowpoly-house-color.png */ = {isa = PBXFileReference; lastKnownFileType = image.png; path = "lowpoly-house-color.png"; sourceTree = "<group>"; };
		80A462FA238F25D9009435EB /* lowpoly-house.mtl */ = {isa = PBXFileReference; fileEncoding = 4; lastKnownFileType = text; path = "lowpoly-house.mtl"; sourceTree = "<group>"; };
		80A462FB238F25D9009435EB /* lowpoly-house.obj */ = {isa = PBXFileReference; fileEncoding = 4; lastKnownFileType = text; path = "lowpoly-house.obj"; sourceTree = "<group>"; };
/* End PBXFileReference section */

/* Begin PBXFrameworksBuildPhase section */
		80A462C3238F0FB6009435EB /* Frameworks */ = {
			isa = PBXFrameworksBuildPhase;
			buildActionMask = 2147483647;
			files = (
			);
			runOnlyForDeploymentPostprocessing = 0;
		};
/* End PBXFrameworksBuildPhase section */

/* Begin PBXGroup section */
		80A462BD238F0FB6009435EB = {
			isa = PBXGroup;
			children = (
				80A462EA238F1287009435EB /* Primitive.swift */,
				80A462C8238F0FB6009435EB /* ISOGame */,
				80A462C7238F0FB6009435EB /* Products */,
			);
			sourceTree = "<group>";
		};
		80A462C7238F0FB6009435EB /* Products */ = {
			isa = PBXGroup;
			children = (
				80A462C6238F0FB6009435EB /* ISOGame.app */,
			);
			name = Products;
			sourceTree = "<group>";
		};
		80A462C8238F0FB6009435EB /* ISOGame */ = {
			isa = PBXGroup;
			children = (
				80A462F8238F25C6009435EB /* Models */,
				80A462F0238F1E14009435EB /* Utility */,
				80A462DE238F124D009435EB /* Node.swift */,
				80A462E0238F1254009435EB /* Scene.swift */,
				80A462E4238F1266009435EB /* Model.swift */,
				80A462E6238F126A009435EB /* Mesh.swift */,
				80A462E8238F126F009435EB /* Submesh.swift */,
				80A462F3238F2025009435EB /* Texturable.swift */,
				80A462DD238F10D7009435EB /* App */,
				80A462DB238F106B009435EB /* Renderer.swift */,
				80A462EC238F14AC009435EB /* Shaders.metal */,
				80A462F7238F23AC009435EB /* ShaderCommon.h */,
				80A462F5238F22C5009435EB /* Camera.swift */,
				80A462EE238F1D58009435EB /* VertexDescriptor.swift */,
				80A462CD238F0FB9009435EB /* Assets.xcassets */,
				80A462D3238F0FB9009435EB /* ISOGame.entitlements */,
				80A462D2238F0FB9009435EB /* Info.plist */,
			);
			path = ISOGame;
			sourceTree = "<group>";
		};
		80A462DD238F10D7009435EB /* App */ = {
			isa = PBXGroup;
			children = (
				80A462C9238F0FB6009435EB /* AppDelegate.swift */,
				80A462CB238F0FB6009435EB /* ViewController.swift */,
				80A462CF238F0FB9009435EB /* Main.storyboard */,
				80A462D9238F100B009435EB /* GameView.swift */,
			);
			path = App;
			sourceTree = "<group>";
		};
		80A462F0238F1E14009435EB /* Utility */ = {
			isa = PBXGroup;
			children = (
				80A462F1238F1E25009435EB /* MathLibrary.swift */,
			);
			path = Utility;
			sourceTree = "<group>";
		};
		80A462F8238F25C6009435EB /* Models */ = {
			isa = PBXGroup;
			children = (
				80A462F9238F25D9009435EB /* lowpoly-house-color.png */,
				80A462FA238F25D9009435EB /* lowpoly-house.mtl */,
				80A462FB238F25D9009435EB /* lowpoly-house.obj */,
			);
			path = Models;
			sourceTree = "<group>";
		};
/* End PBXGroup section */

/* Begin PBXNativeTarget section */
		80A462C5238F0FB6009435EB /* ISOGame */ = {
			isa = PBXNativeTarget;
			buildConfigurationList = 80A462D6238F0FB9009435EB /* Build configuration list for PBXNativeTarget "ISOGame" */;
			buildPhases = (
				80A462C2238F0FB6009435EB /* Sources */,
				80A462C3238F0FB6009435EB /* Frameworks */,
				80A462C4238F0FB6009435EB /* Resources */,
			);
			buildRules = (
			);
			dependencies = (
			);
			name = ISOGame;
			productName = ISOGame;
			productReference = 80A462C6238F0FB6009435EB /* ISOGame.app */;
			productType = "com.apple.product-type.application";
		};
/* End PBXNativeTarget section */

/* Begin PBXProject section */
		80A462BE238F0FB6009435EB /* Project object */ = {
			isa = PBXProject;
			attributes = {
				LastSwiftUpdateCheck = 1120;
				LastUpgradeCheck = 1120;
				ORGANIZATIONNAME = "Jos Kuijpers";
				TargetAttributes = {
					80A462C5238F0FB6009435EB = {
						CreatedOnToolsVersion = 11.2.1;
					};
				};
			};
			buildConfigurationList = 80A462C1238F0FB6009435EB /* Build configuration list for PBXProject "ISOGame" */;
			compatibilityVersion = "Xcode 9.3";
			developmentRegion = en;
			hasScannedForEncodings = 0;
			knownRegions = (
				en,
				Base,
			);
			mainGroup = 80A462BD238F0FB6009435EB;
			productRefGroup = 80A462C7238F0FB6009435EB /* Products */;
			projectDirPath = "";
			projectRoot = "";
			targets = (
				80A462C5238F0FB6009435EB /* ISOGame */,
			);
		};
/* End PBXProject section */

/* Begin PBXResourcesBuildPhase section */
		80A462C4238F0FB6009435EB /* Resources */ = {
			isa = PBXResourcesBuildPhase;
			buildActionMask = 2147483647;
			files = (
				80A462FC238F25D9009435EB /* lowpoly-house-color.png in Resources */,
				80A462CE238F0FB9009435EB /* Assets.xcassets in Resources */,
				80A462FE238F25D9009435EB /* lowpoly-house.obj in Resources */,
				80A462D1238F0FB9009435EB /* Main.storyboard in Resources */,
				80A462FD238F25D9009435EB /* lowpoly-house.mtl in Resources */,
			);
			runOnlyForDeploymentPostprocessing = 0;
		};
/* End PBXResourcesBuildPhase section */

/* Begin PBXSourcesBuildPhase section */
		80A462C2238F0FB6009435EB /* Sources */ = {
			isa = PBXSourcesBuildPhase;
			buildActionMask = 2147483647;
			files = (
				80A462DC238F106B009435EB /* Renderer.swift in Sources */,
				80A462F4238F2025009435EB /* Texturable.swift in Sources */,
				80A462DF238F124D009435EB /* Node.swift in Sources */,
				80A462E1238F1254009435EB /* Scene.swift in Sources */,
				80A462CC238F0FB6009435EB /* ViewController.swift in Sources */,
				80A462DA238F100B009435EB /* GameView.swift in Sources */,
				80A462E7238F126A009435EB /* Mesh.swift in Sources */,
				80A462EF238F1D58009435EB /* VertexDescriptor.swift in Sources */,
				80A462E9238F126F009435EB /* Submesh.swift in Sources */,
				80A462CA238F0FB6009435EB /* AppDelegate.swift in Sources */,
				80A462ED238F14AC009435EB /* Shaders.metal in Sources */,
				80A462F6238F22C5009435EB /* Camera.swift in Sources */,
				80A462F2238F1E25009435EB /* MathLibrary.swift in Sources */,
				80A462E5238F1266009435EB /* Model.swift in Sources */,
				80A462EB238F1287009435EB /* Primitive.swift in Sources */,
			);
			runOnlyForDeploymentPostprocessing = 0;
		};
/* End PBXSourcesBuildPhase section */

/* Begin PBXVariantGroup section */
		80A462CF238F0FB9009435EB /* Main.storyboard */ = {
			isa = PBXVariantGroup;
			children = (
				80A462D0238F0FB9009435EB /* Base */,
			);
			name = Main.storyboard;
			sourceTree = "<group>";
		};
/* End PBXVariantGroup section */

/* Begin XCBuildConfiguration section */
		80A462D4238F0FB9009435EB /* Debug */ = {
			isa = XCBuildConfiguration;
			buildSettings = {
				ALWAYS_SEARCH_USER_PATHS = NO;
				CLANG_ANALYZER_NONNULL = YES;
				CLANG_ANALYZER_NUMBER_OBJECT_CONVERSION = YES_AGGRESSIVE;
				CLANG_CXX_LANGUAGE_STANDARD = "gnu++14";
				CLANG_CXX_LIBRARY = "libc++";
				CLANG_ENABLE_MODULES = YES;
				CLANG_ENABLE_OBJC_ARC = YES;
				CLANG_ENABLE_OBJC_WEAK = YES;
				CLANG_WARN_BLOCK_CAPTURE_AUTORELEASING = YES;
				CLANG_WARN_BOOL_CONVERSION = YES;
				CLANG_WARN_COMMA = YES;
				CLANG_WARN_CONSTANT_CONVERSION = YES;
				CLANG_WARN_DEPRECATED_OBJC_IMPLEMENTATIONS = YES;
				CLANG_WARN_DIRECT_OBJC_ISA_USAGE = YES_ERROR;
				CLANG_WARN_DOCUMENTATION_COMMENTS = YES;
				CLANG_WARN_EMPTY_BODY = YES;
				CLANG_WARN_ENUM_CONVERSION = YES;
				CLANG_WARN_INFINITE_RECURSION = YES;
				CLANG_WARN_INT_CONVERSION = YES;
				CLANG_WARN_NON_LITERAL_NULL_CONVERSION = YES;
				CLANG_WARN_OBJC_IMPLICIT_RETAIN_SELF = YES;
				CLANG_WARN_OBJC_LITERAL_CONVERSION = YES;
				CLANG_WARN_OBJC_ROOT_CLASS = YES_ERROR;
				CLANG_WARN_RANGE_LOOP_ANALYSIS = YES;
				CLANG_WARN_STRICT_PROTOTYPES = YES;
				CLANG_WARN_SUSPICIOUS_MOVE = YES;
				CLANG_WARN_UNGUARDED_AVAILABILITY = YES_AGGRESSIVE;
				CLANG_WARN_UNREACHABLE_CODE = YES;
				CLANG_WARN__DUPLICATE_METHOD_MATCH = YES;
				COPY_PHASE_STRIP = NO;
				DEBUG_INFORMATION_FORMAT = dwarf;
				ENABLE_STRICT_OBJC_MSGSEND = YES;
				ENABLE_TESTABILITY = YES;
				GCC_C_LANGUAGE_STANDARD = gnu11;
				GCC_DYNAMIC_NO_PIC = NO;
				GCC_NO_COMMON_BLOCKS = YES;
				GCC_OPTIMIZATION_LEVEL = 0;
				GCC_PREPROCESSOR_DEFINITIONS = (
					"DEBUG=1",
					"$(inherited)",
				);
				GCC_WARN_64_TO_32_BIT_CONVERSION = YES;
				GCC_WARN_ABOUT_RETURN_TYPE = YES_ERROR;
				GCC_WARN_UNDECLARED_SELECTOR = YES;
				GCC_WARN_UNINITIALIZED_AUTOS = YES_AGGRESSIVE;
				GCC_WARN_UNUSED_FUNCTION = YES;
				GCC_WARN_UNUSED_VARIABLE = YES;
				MACOSX_DEPLOYMENT_TARGET = 10.15;
				MTL_ENABLE_DEBUG_INFO = INCLUDE_SOURCE;
				MTL_FAST_MATH = YES;
				ONLY_ACTIVE_ARCH = YES;
				SDKROOT = macosx;
				SWIFT_ACTIVE_COMPILATION_CONDITIONS = DEBUG;
				SWIFT_OPTIMIZATION_LEVEL = "-Onone";
			};
			name = Debug;
		};
		80A462D5238F0FB9009435EB /* Release */ = {
			isa = XCBuildConfiguration;
			buildSettings = {
				ALWAYS_SEARCH_USER_PATHS = NO;
				CLANG_ANALYZER_NONNULL = YES;
				CLANG_ANALYZER_NUMBER_OBJECT_CONVERSION = YES_AGGRESSIVE;
				CLANG_CXX_LANGUAGE_STANDARD = "gnu++14";
				CLANG_CXX_LIBRARY = "libc++";
				CLANG_ENABLE_MODULES = YES;
				CLANG_ENABLE_OBJC_ARC = YES;
				CLANG_ENABLE_OBJC_WEAK = YES;
				CLANG_WARN_BLOCK_CAPTURE_AUTORELEASING = YES;
				CLANG_WARN_BOOL_CONVERSION = YES;
				CLANG_WARN_COMMA = YES;
				CLANG_WARN_CONSTANT_CONVERSION = YES;
				CLANG_WARN_DEPRECATED_OBJC_IMPLEMENTATIONS = YES;
				CLANG_WARN_DIRECT_OBJC_ISA_USAGE = YES_ERROR;
				CLANG_WARN_DOCUMENTATION_COMMENTS = YES;
				CLANG_WARN_EMPTY_BODY = YES;
				CLANG_WARN_ENUM_CONVERSION = YES;
				CLANG_WARN_INFINITE_RECURSION = YES;
				CLANG_WARN_INT_CONVERSION = YES;
				CLANG_WARN_NON_LITERAL_NULL_CONVERSION = YES;
				CLANG_WARN_OBJC_IMPLICIT_RETAIN_SELF = YES;
				CLANG_WARN_OBJC_LITERAL_CONVERSION = YES;
				CLANG_WARN_OBJC_ROOT_CLASS = YES_ERROR;
				CLANG_WARN_RANGE_LOOP_ANALYSIS = YES;
				CLANG_WARN_STRICT_PROTOTYPES = YES;
				CLANG_WARN_SUSPICIOUS_MOVE = YES;
				CLANG_WARN_UNGUARDED_AVAILABILITY = YES_AGGRESSIVE;
				CLANG_WARN_UNREACHABLE_CODE = YES;
				CLANG_WARN__DUPLICATE_METHOD_MATCH = YES;
				COPY_PHASE_STRIP = NO;
				DEBUG_INFORMATION_FORMAT = "dwarf-with-dsym";
				ENABLE_NS_ASSERTIONS = NO;
				ENABLE_STRICT_OBJC_MSGSEND = YES;
				GCC_C_LANGUAGE_STANDARD = gnu11;
				GCC_NO_COMMON_BLOCKS = YES;
				GCC_WARN_64_TO_32_BIT_CONVERSION = YES;
				GCC_WARN_ABOUT_RETURN_TYPE = YES_ERROR;
				GCC_WARN_UNDECLARED_SELECTOR = YES;
				GCC_WARN_UNINITIALIZED_AUTOS = YES_AGGRESSIVE;
				GCC_WARN_UNUSED_FUNCTION = YES;
				GCC_WARN_UNUSED_VARIABLE = YES;
				MACOSX_DEPLOYMENT_TARGET = 10.15;
				MTL_ENABLE_DEBUG_INFO = NO;
				MTL_FAST_MATH = YES;
				SDKROOT = macosx;
				SWIFT_COMPILATION_MODE = wholemodule;
				SWIFT_OPTIMIZATION_LEVEL = "-O";
			};
			name = Release;
		};
		80A462D7238F0FB9009435EB /* Debug */ = {
			isa = XCBuildConfiguration;
			buildSettings = {
				ASSETCATALOG_COMPILER_APPICON_NAME = AppIcon;
				CODE_SIGN_ENTITLEMENTS = ISOGame/ISOGame.entitlements;
				CODE_SIGN_STYLE = Automatic;
				COMBINE_HIDPI_IMAGES = YES;
				DEVELOPMENT_TEAM = 95XB3LMP34;
				ENABLE_HARDENED_RUNTIME = YES;
				INFOPLIST_FILE = ISOGame/Info.plist;
				LD_RUNPATH_SEARCH_PATHS = (
					"$(inherited)",
					"@executable_path/../Frameworks",
				);
				PRODUCT_BUNDLE_IDENTIFIER = nl.joskuijpers.ISOGame;
				PRODUCT_NAME = "$(TARGET_NAME)";
				SWIFT_OBJC_BRIDGING_HEADER = ISOGame/ShaderCommon.h;
				SWIFT_VERSION = 5.0;
			};
			name = Debug;
		};
		80A462D8238F0FB9009435EB /* Release */ = {
			isa = XCBuildConfiguration;
			buildSettings = {
				ASSETCATALOG_COMPILER_APPICON_NAME = AppIcon;
				CODE_SIGN_ENTITLEMENTS = ISOGame/ISOGame.entitlements;
				CODE_SIGN_STYLE = Automatic;
				COMBINE_HIDPI_IMAGES = YES;
				DEVELOPMENT_TEAM = 95XB3LMP34;
				ENABLE_HARDENED_RUNTIME = YES;
				INFOPLIST_FILE = ISOGame/Info.plist;
				LD_RUNPATH_SEARCH_PATHS = (
					"$(inherited)",
					"@executable_path/../Frameworks",
				);
				PRODUCT_BUNDLE_IDENTIFIER = nl.joskuijpers.ISOGame;
				PRODUCT_NAME = "$(TARGET_NAME)";
				SWIFT_OBJC_BRIDGING_HEADER = ISOGame/ShaderCommon.h;
				SWIFT_VERSION = 5.0;
			};
			name = Release;
		};
/* End XCBuildConfiguration section */

/* Begin XCConfigurationList section */
		80A462C1238F0FB6009435EB /* Build configuration list for PBXProject "ISOGame" */ = {
			isa = XCConfigurationList;
			buildConfigurations = (
				80A462D4238F0FB9009435EB /* Debug */,
				80A462D5238F0FB9009435EB /* Release */,
			);
			defaultConfigurationIsVisible = 0;
			defaultConfigurationName = Release;
		};
		80A462D6238F0FB9009435EB /* Build configuration list for PBXNativeTarget "ISOGame" */ = {
			isa = XCConfigurationList;
			buildConfigurations = (
				80A462D7238F0FB9009435EB /* Debug */,
				80A462D8238F0FB9009435EB /* Release */,
			);
			defaultConfigurationIsVisible = 0;
			defaultConfigurationName = Release;
		};
/* End XCConfigurationList section */
	};
	rootObject = 80A462BE238F0FB6009435EB /* Project object */;
}
