// !$*UTF8*$!
{
	archiveVersion = 1;
	classes = {
	};
	objectVersion = 50;
	objects = {

/* Begin PBXBuildFile section */
		800604B523F9F6BB00B3FB7F /* Transform.swift in Sources */ = {isa = PBXBuildFile; fileRef = 800604B423F9F6BB00B3FB7F /* Transform.swift */; };
		800604B723F9F85000B3FB7F /* MeshSelector.swift in Sources */ = {isa = PBXBuildFile; fileRef = 800604B623F9F85000B3FB7F /* MeshSelector.swift */; };
		800604B923F9F87D00B3FB7F /* MeshRenderer.swift in Sources */ = {isa = PBXBuildFile; fileRef = 800604B823F9F87D00B3FB7F /* MeshRenderer.swift */; };
		800E6DD223F2093D00412CCE /* design.md in Resources */ = {isa = PBXBuildFile; fileRef = 800E6DD123F2093D00412CCE /* design.md */; };
		8015C6B823D647B100DFF109 /* GroupRequirementsManaging.swift in Sources */ = {isa = PBXBuildFile; fileRef = 8015C69D23D647AF00DFF109 /* GroupRequirementsManaging.swift */; };
		8015C6BB23D647B100DFF109 /* ManagedContiguousArray.swift in Sources */ = {isa = PBXBuildFile; fileRef = 8015C6A023D647AF00DFF109 /* ManagedContiguousArray.swift */; };
		8015C6BC23D647B100DFF109 /* UnorderedSparseSet.swift in Sources */ = {isa = PBXBuildFile; fileRef = 8015C6A123D647AF00DFF109 /* UnorderedSparseSet.swift */; };
		8015C6BD23D647B100DFF109 /* Entity.swift in Sources */ = {isa = PBXBuildFile; fileRef = 8015C6A223D647AF00DFF109 /* Entity.swift */; };
		8015C6BE23D647B100DFF109 /* Group1.swift in Sources */ = {isa = PBXBuildFile; fileRef = 8015C6A323D647AF00DFF109 /* Group1.swift */; };
		8015C6BF23D647B100DFF109 /* Group2.swift in Sources */ = {isa = PBXBuildFile; fileRef = 8015C6A423D647B000DFF109 /* Group2.swift */; };
		8015C6C023D647B100DFF109 /* GroupTraitSet.swift in Sources */ = {isa = PBXBuildFile; fileRef = 8015C6A523D647B000DFF109 /* GroupTraitSet.swift */; };
		8015C6C123D647B100DFF109 /* Nexus+Group.swift in Sources */ = {isa = PBXBuildFile; fileRef = 8015C6A623D647B000DFF109 /* Nexus+Group.swift */; };
		8015C6C223D647B100DFF109 /* Nexus.swift in Sources */ = {isa = PBXBuildFile; fileRef = 8015C6A723D647B000DFF109 /* Nexus.swift */; };
		8015C6C323D647B100DFF109 /* Nexus+Component.swift in Sources */ = {isa = PBXBuildFile; fileRef = 8015C6A823D647B000DFF109 /* Nexus+Component.swift */; };
		8015C6C423D647B100DFF109 /* ComponentIdentifier.swift in Sources */ = {isa = PBXBuildFile; fileRef = 8015C6A923D647B000DFF109 /* ComponentIdentifier.swift */; };
		8015C6C523D647B100DFF109 /* Component.swift in Sources */ = {isa = PBXBuildFile; fileRef = 8015C6AA23D647B000DFF109 /* Component.swift */; };
		8015C6C623D647B100DFF109 /* Group4.swift in Sources */ = {isa = PBXBuildFile; fileRef = 8015C6AB23D647B000DFF109 /* Group4.swift */; };
		8015C6C723D647B100DFF109 /* ComponentAccess.swift in Sources */ = {isa = PBXBuildFile; fileRef = 8015C6AC23D647B000DFF109 /* ComponentAccess.swift */; };
		8015C6CB23D647B100DFF109 /* EntityIdentifier.swift in Sources */ = {isa = PBXBuildFile; fileRef = 8015C6B023D647B000DFF109 /* EntityIdentifier.swift */; };
		8015C6CC23D647B100DFF109 /* Nexus+GroupUpdate.swift in Sources */ = {isa = PBXBuildFile; fileRef = 8015C6B123D647B000DFF109 /* Nexus+GroupUpdate.swift */; };
		8015C6CD23D647B100DFF109 /* Hashing.swift in Sources */ = {isa = PBXBuildFile; fileRef = 8015C6B223D647B000DFF109 /* Hashing.swift */; };
		8015C6CE23D647B100DFF109 /* Group3.swift in Sources */ = {isa = PBXBuildFile; fileRef = 8015C6B323D647B100DFF109 /* Group3.swift */; };
		8015C6CF23D647B100DFF109 /* Group.swift in Sources */ = {isa = PBXBuildFile; fileRef = 8015C6B423D647B100DFF109 /* Group.swift */; };
		8015C6D123D647B100DFF109 /* Group5.swift in Sources */ = {isa = PBXBuildFile; fileRef = 8015C6B623D647B100DFF109 /* Group5.swift */; };
		8015C6D223D647B100DFF109 /* Nexus+Entity.swift in Sources */ = {isa = PBXBuildFile; fileRef = 8015C6B723D647B100DFF109 /* Nexus+Entity.swift */; };
		80438C1723FA0CF600099034 /* SceneManager.swift in Sources */ = {isa = PBXBuildFile; fileRef = 80438C1623FA0CF600099034 /* SceneManager.swift */; };
		80438C20240B0A2700099034 /* Frustum.swift in Sources */ = {isa = PBXBuildFile; fileRef = 80438C1F240B0A2700099034 /* Frustum.swift */; };
		80438C22240B2A6300099034 /* DebugRendering.swift in Sources */ = {isa = PBXBuildFile; fileRef = 80438C21240B2A6300099034 /* DebugRendering.swift */; };
		80438C24240DC31B00099034 /* Input.swift in Sources */ = {isa = PBXBuildFile; fileRef = 80438C23240DC31B00099034 /* Input.swift */; };
		8064AF5C2427A9610089FE11 /* LightCulling.metal in Sources */ = {isa = PBXBuildFile; fileRef = 8064AF5B2427A9610089FE11 /* LightCulling.metal */; };
		8064AF5F2427FE7E0089FE11 /* DebugShaders.metal in Sources */ = {isa = PBXBuildFile; fileRef = 8064AF5E2427FE7E0089FE11 /* DebugShaders.metal */; };
		8064AF61242960CC0089FE11 /* Resolve.metal in Sources */ = {isa = PBXBuildFile; fileRef = 8064AF60242960CC0089FE11 /* Resolve.metal */; };
		808695F723B8CA1E0007E75D /* TextureLoader.swift in Sources */ = {isa = PBXBuildFile; fileRef = 808695F623B8CA1E0007E75D /* TextureLoader.swift */; };
		809258CF24464E5400D2025F /* Single.swift in Sources */ = {isa = PBXBuildFile; fileRef = 809258CE24464E5400D2025F /* Single.swift */; };
		8099AAEF23BE127E00E03CE0 /* Bounds.swift in Sources */ = {isa = PBXBuildFile; fileRef = 8099AAEE23BE127E00E03CE0 /* Bounds.swift */; };
		8099AAF523BF7AB700E03CE0 /* Light.swift in Sources */ = {isa = PBXBuildFile; fileRef = 8099AAF423BF7AB700E03CE0 /* Light.swift */; };
		8099AAF723CCF60100E03CE0 /* RenderQueue.swift in Sources */ = {isa = PBXBuildFile; fileRef = 8099AAF623CCF60100E03CE0 /* RenderQueue.swift */; };
		8099AAF923CE747300E03CE0 /* SceneObject.swift in Sources */ = {isa = PBXBuildFile; fileRef = 8099AAF823CE747300E03CE0 /* SceneObject.swift */; };
		80A462CA238F0FB6009435EB /* AppDelegate.swift in Sources */ = {isa = PBXBuildFile; fileRef = 80A462C9238F0FB6009435EB /* AppDelegate.swift */; };
		80A462CC238F0FB6009435EB /* ViewController.swift in Sources */ = {isa = PBXBuildFile; fileRef = 80A462CB238F0FB6009435EB /* ViewController.swift */; };
		80A462CE238F0FB9009435EB /* Assets.xcassets in Resources */ = {isa = PBXBuildFile; fileRef = 80A462CD238F0FB9009435EB /* Assets.xcassets */; };
		80A462D1238F0FB9009435EB /* Main.storyboard in Resources */ = {isa = PBXBuildFile; fileRef = 80A462CF238F0FB9009435EB /* Main.storyboard */; };
		80A462DA238F100B009435EB /* GameView.swift in Sources */ = {isa = PBXBuildFile; fileRef = 80A462D9238F100B009435EB /* GameView.swift */; };
		80A462DC238F106B009435EB /* Renderer.swift in Sources */ = {isa = PBXBuildFile; fileRef = 80A462DB238F106B009435EB /* Renderer.swift */; };
		80A462E1238F1254009435EB /* Scene.swift in Sources */ = {isa = PBXBuildFile; fileRef = 80A462E0238F1254009435EB /* Scene.swift */; };
		80A462E7238F126A009435EB /* Mesh.swift in Sources */ = {isa = PBXBuildFile; fileRef = 80A462E6238F126A009435EB /* Mesh.swift */; };
		80A462E9238F126F009435EB /* Submesh.swift in Sources */ = {isa = PBXBuildFile; fileRef = 80A462E8238F126F009435EB /* Submesh.swift */; };
		80A462EB238F1287009435EB /* Primitive.swift in Sources */ = {isa = PBXBuildFile; fileRef = 80A462EA238F1287009435EB /* Primitive.swift */; };
		80A462ED238F14AC009435EB /* Shaders.metal in Sources */ = {isa = PBXBuildFile; fileRef = 80A462EC238F14AC009435EB /* Shaders.metal */; };
		80A462EF238F1D58009435EB /* VertexDescriptor.swift in Sources */ = {isa = PBXBuildFile; fileRef = 80A462EE238F1D58009435EB /* VertexDescriptor.swift */; };
		80A462F2238F1E25009435EB /* MathLibrary.swift in Sources */ = {isa = PBXBuildFile; fileRef = 80A462F1238F1E25009435EB /* MathLibrary.swift */; };
		80A462F6238F22C5009435EB /* Camera.swift in Sources */ = {isa = PBXBuildFile; fileRef = 80A462F5238F22C5009435EB /* Camera.swift */; };
		80A4630723906C71009435EB /* cube.obj in Resources */ = {isa = PBXBuildFile; fileRef = 80A4630123906C71009435EB /* cube.obj */; };
		80A4630B23906C71009435EB /* cube.mtl in Resources */ = {isa = PBXBuildFile; fileRef = 80A4630523906C71009435EB /* cube.mtl */; };
		80A4631223906E1B009435EB /* chest-color.png in Resources */ = {isa = PBXBuildFile; fileRef = 80A4631123906DFA009435EB /* chest-color.png */; };
		80A4631323906E1B009435EB /* chest-normal.png in Resources */ = {isa = PBXBuildFile; fileRef = 80A4630D23906DFA009435EB /* chest-normal.png */; };
		80A4631423906E1B009435EB /* chest-roughness.png in Resources */ = {isa = PBXBuildFile; fileRef = 80A4630E23906DFA009435EB /* chest-roughness.png */; };
		80A4631523906E1B009435EB /* chest.mtl in Resources */ = {isa = PBXBuildFile; fileRef = 80A4630F23906DFA009435EB /* chest.mtl */; };
		80A4631623906E1B009435EB /* chest.obj in Resources */ = {isa = PBXBuildFile; fileRef = 80A4631023906DFA009435EB /* chest.obj */; };
		80A4631C2396FE3B009435EB /* pbr in Resources */ = {isa = PBXBuildFile; fileRef = 80A4631B2396FE3B009435EB /* pbr */; };
		80A4631F239704C1009435EB /* ironSphere.mtl in Resources */ = {isa = PBXBuildFile; fileRef = 80A4631D239704C1009435EB /* ironSphere.mtl */; };
		80A463252397136F009435EB /* rusted_iron_albedo.png in Resources */ = {isa = PBXBuildFile; fileRef = 80A463242397136D009435EB /* rusted_iron_albedo.png */; };
		80A4632A23971380009435EB /* rusted_iron_ao.png in Resources */ = {isa = PBXBuildFile; fileRef = 80A463282397137D009435EB /* rusted_iron_ao.png */; };
		80A4632B23971380009435EB /* rusted_iron_metallic.png in Resources */ = {isa = PBXBuildFile; fileRef = 80A463262397137D009435EB /* rusted_iron_metallic.png */; };
		80A4632C23971380009435EB /* rusted_iron_normal.png in Resources */ = {isa = PBXBuildFile; fileRef = 80A463272397137D009435EB /* rusted_iron_normal.png */; };
		80A4632D23971380009435EB /* rusted_iron_roughness.png in Resources */ = {isa = PBXBuildFile; fileRef = 80A463292397137D009435EB /* rusted_iron_roughness.png */; };
		80A46331239EC262009435EB /* ironSphere.obj in Resources */ = {isa = PBXBuildFile; fileRef = 80A46330239EC262009435EB /* ironSphere.obj */; };
		80A46339239EE6B1009435EB /* goldSphere.mtl in Resources */ = {isa = PBXBuildFile; fileRef = 80A46337239EE636009435EB /* goldSphere.mtl */; };
		80A4633A239EE6B4009435EB /* goldSphere.obj in Resources */ = {isa = PBXBuildFile; fileRef = 80A46338239EE63F009435EB /* goldSphere.obj */; };
		80A4633B239EE6B9009435EB /* gold_albedo.png in Resources */ = {isa = PBXBuildFile; fileRef = 80A46335239EE618009435EB /* gold_albedo.png */; };
		80A4633C239EE6B9009435EB /* gold_ao.png in Resources */ = {isa = PBXBuildFile; fileRef = 80A46332239EE618009435EB /* gold_ao.png */; };
		80A4633D239EE6B9009435EB /* gold_metallic.png in Resources */ = {isa = PBXBuildFile; fileRef = 80A46333239EE618009435EB /* gold_metallic.png */; };
		80A4633E239EE6B9009435EB /* gold_normal.png in Resources */ = {isa = PBXBuildFile; fileRef = 80A46334239EE618009435EB /* gold_normal.png */; };
		80A4633F239EE6B9009435EB /* gold_roughness.png in Resources */ = {isa = PBXBuildFile; fileRef = 80A46336239EE619009435EB /* gold_roughness.png */; };
		80A4634623A02211009435EB /* plastic_albedo.png in Resources */ = {isa = PBXBuildFile; fileRef = 80A4634123A0220B009435EB /* plastic_albedo.png */; };
		80A4634723A02211009435EB /* plastic_ao.png in Resources */ = {isa = PBXBuildFile; fileRef = 80A4634523A0220C009435EB /* plastic_ao.png */; };
		80A4634823A02211009435EB /* plastic_metallic.png in Resources */ = {isa = PBXBuildFile; fileRef = 80A4634223A0220C009435EB /* plastic_metallic.png */; };
		80A4634923A02211009435EB /* plastic_normal.png in Resources */ = {isa = PBXBuildFile; fileRef = 80A4634323A0220C009435EB /* plastic_normal.png */; };
		80A4634A23A02211009435EB /* plastic_roughness.png in Resources */ = {isa = PBXBuildFile; fileRef = 80A4634423A0220C009435EB /* plastic_roughness.png */; };
		80A4634B23A02215009435EB /* plasticSphere.mtl in Resources */ = {isa = PBXBuildFile; fileRef = 80A4634023A02201009435EB /* plasticSphere.mtl */; };
		80A4634D23A02220009435EB /* plasticSphere.obj in Resources */ = {isa = PBXBuildFile; fileRef = 80A4634C23A02217009435EB /* plasticSphere.obj */; };
		80A4634F23A2C367009435EB /* garage_pmrem.ktx in Resources */ = {isa = PBXBuildFile; fileRef = 80A4634E23A2C367009435EB /* garage_pmrem.ktx */; };
		80A4635123A2C384009435EB /* loft_pmrem.ktx in Resources */ = {isa = PBXBuildFile; fileRef = 80A4635023A2C383009435EB /* loft_pmrem.ktx */; };
		80A4635723A2CC25009435EB /* grass_albedo.png in Resources */ = {isa = PBXBuildFile; fileRef = 80A4635623A2CC22009435EB /* grass_albedo.png */; };
		80A4635823A2CC25009435EB /* grass_ao.png in Resources */ = {isa = PBXBuildFile; fileRef = 80A4635423A2CC22009435EB /* grass_ao.png */; };
		80A4635923A2CC25009435EB /* grass_metallic.png in Resources */ = {isa = PBXBuildFile; fileRef = 80A4635223A2CC22009435EB /* grass_metallic.png */; };
		80A4635A23A2CC25009435EB /* grass_normal.png in Resources */ = {isa = PBXBuildFile; fileRef = 80A4635323A2CC22009435EB /* grass_normal.png */; };
		80A4635B23A2CC25009435EB /* grass_roughness.png in Resources */ = {isa = PBXBuildFile; fileRef = 80A4635523A2CC22009435EB /* grass_roughness.png */; };
		80A4635E23A2CC95009435EB /* grassSphere.mtl in Resources */ = {isa = PBXBuildFile; fileRef = 80A4635D23A2CC2B009435EB /* grassSphere.mtl */; };
		80A4635F23A2CC95009435EB /* grassSphere.obj in Resources */ = {isa = PBXBuildFile; fileRef = 80A4635C23A2CC2A009435EB /* grassSphere.obj */; };
		80A4636623A80DC0009435EB /* helmet.mtl in Resources */ = {isa = PBXBuildFile; fileRef = 80A4636023A80DBC009435EB /* helmet.mtl */; };
		80A4636723A80DC0009435EB /* helmet.obj in Resources */ = {isa = PBXBuildFile; fileRef = 80A4636123A80DBD009435EB /* helmet.obj */; };
/* End PBXBuildFile section */

/* Begin PBXFileReference section */
		800604B423F9F6BB00B3FB7F /* Transform.swift */ = {isa = PBXFileReference; lastKnownFileType = sourcecode.swift; path = Transform.swift; sourceTree = "<group>"; };
		800604B623F9F85000B3FB7F /* MeshSelector.swift */ = {isa = PBXFileReference; lastKnownFileType = sourcecode.swift; path = MeshSelector.swift; sourceTree = "<group>"; };
		800604B823F9F87D00B3FB7F /* MeshRenderer.swift */ = {isa = PBXFileReference; lastKnownFileType = sourcecode.swift; path = MeshRenderer.swift; sourceTree = "<group>"; };
		800E6DD123F2093D00412CCE /* design.md */ = {isa = PBXFileReference; explicitFileType = net.daringfireball.markdown; path = design.md; sourceTree = "<group>"; };
		8015C69D23D647AF00DFF109 /* GroupRequirementsManaging.swift */ = {isa = PBXFileReference; fileEncoding = 4; lastKnownFileType = sourcecode.swift; path = GroupRequirementsManaging.swift; sourceTree = "<group>"; };
		8015C6A023D647AF00DFF109 /* ManagedContiguousArray.swift */ = {isa = PBXFileReference; fileEncoding = 4; lastKnownFileType = sourcecode.swift; path = ManagedContiguousArray.swift; sourceTree = "<group>"; };
		8015C6A123D647AF00DFF109 /* UnorderedSparseSet.swift */ = {isa = PBXFileReference; fileEncoding = 4; lastKnownFileType = sourcecode.swift; path = UnorderedSparseSet.swift; sourceTree = "<group>"; };
		8015C6A223D647AF00DFF109 /* Entity.swift */ = {isa = PBXFileReference; fileEncoding = 4; lastKnownFileType = sourcecode.swift; path = Entity.swift; sourceTree = "<group>"; };
		8015C6A323D647AF00DFF109 /* Group1.swift */ = {isa = PBXFileReference; fileEncoding = 4; lastKnownFileType = sourcecode.swift; path = Group1.swift; sourceTree = "<group>"; };
		8015C6A423D647B000DFF109 /* Group2.swift */ = {isa = PBXFileReference; fileEncoding = 4; lastKnownFileType = sourcecode.swift; path = Group2.swift; sourceTree = "<group>"; };
		8015C6A523D647B000DFF109 /* GroupTraitSet.swift */ = {isa = PBXFileReference; fileEncoding = 4; lastKnownFileType = sourcecode.swift; path = GroupTraitSet.swift; sourceTree = "<group>"; };
		8015C6A623D647B000DFF109 /* Nexus+Group.swift */ = {isa = PBXFileReference; fileEncoding = 4; lastKnownFileType = sourcecode.swift; path = "Nexus+Group.swift"; sourceTree = "<group>"; };
		8015C6A723D647B000DFF109 /* Nexus.swift */ = {isa = PBXFileReference; fileEncoding = 4; lastKnownFileType = sourcecode.swift; path = Nexus.swift; sourceTree = "<group>"; };
		8015C6A823D647B000DFF109 /* Nexus+Component.swift */ = {isa = PBXFileReference; fileEncoding = 4; lastKnownFileType = sourcecode.swift; path = "Nexus+Component.swift"; sourceTree = "<group>"; };
		8015C6A923D647B000DFF109 /* ComponentIdentifier.swift */ = {isa = PBXFileReference; fileEncoding = 4; lastKnownFileType = sourcecode.swift; path = ComponentIdentifier.swift; sourceTree = "<group>"; };
		8015C6AA23D647B000DFF109 /* Component.swift */ = {isa = PBXFileReference; fileEncoding = 4; lastKnownFileType = sourcecode.swift; path = Component.swift; sourceTree = "<group>"; };
		8015C6AB23D647B000DFF109 /* Group4.swift */ = {isa = PBXFileReference; fileEncoding = 4; lastKnownFileType = sourcecode.swift; path = Group4.swift; sourceTree = "<group>"; };
		8015C6AC23D647B000DFF109 /* ComponentAccess.swift */ = {isa = PBXFileReference; fileEncoding = 4; lastKnownFileType = sourcecode.swift; path = ComponentAccess.swift; sourceTree = "<group>"; };
		8015C6B023D647B000DFF109 /* EntityIdentifier.swift */ = {isa = PBXFileReference; fileEncoding = 4; lastKnownFileType = sourcecode.swift; path = EntityIdentifier.swift; sourceTree = "<group>"; };
		8015C6B123D647B000DFF109 /* Nexus+GroupUpdate.swift */ = {isa = PBXFileReference; fileEncoding = 4; lastKnownFileType = sourcecode.swift; path = "Nexus+GroupUpdate.swift"; sourceTree = "<group>"; };
		8015C6B223D647B000DFF109 /* Hashing.swift */ = {isa = PBXFileReference; fileEncoding = 4; lastKnownFileType = sourcecode.swift; path = Hashing.swift; sourceTree = "<group>"; };
		8015C6B323D647B100DFF109 /* Group3.swift */ = {isa = PBXFileReference; fileEncoding = 4; lastKnownFileType = sourcecode.swift; path = Group3.swift; sourceTree = "<group>"; };
		8015C6B423D647B100DFF109 /* Group.swift */ = {isa = PBXFileReference; fileEncoding = 4; lastKnownFileType = sourcecode.swift; path = Group.swift; sourceTree = "<group>"; };
		8015C6B623D647B100DFF109 /* Group5.swift */ = {isa = PBXFileReference; fileEncoding = 4; lastKnownFileType = sourcecode.swift; path = Group5.swift; sourceTree = "<group>"; };
		8015C6B723D647B100DFF109 /* Nexus+Entity.swift */ = {isa = PBXFileReference; fileEncoding = 4; lastKnownFileType = sourcecode.swift; path = "Nexus+Entity.swift"; sourceTree = "<group>"; };
		80438C1623FA0CF600099034 /* SceneManager.swift */ = {isa = PBXFileReference; lastKnownFileType = sourcecode.swift; path = SceneManager.swift; sourceTree = "<group>"; };
		80438C1F240B0A2700099034 /* Frustum.swift */ = {isa = PBXFileReference; lastKnownFileType = sourcecode.swift; path = Frustum.swift; sourceTree = "<group>"; };
		80438C21240B2A6300099034 /* DebugRendering.swift */ = {isa = PBXFileReference; lastKnownFileType = sourcecode.swift; path = DebugRendering.swift; sourceTree = "<group>"; };
		80438C23240DC31B00099034 /* Input.swift */ = {isa = PBXFileReference; lastKnownFileType = sourcecode.swift; name = Input.swift; path = Graphics/Input.swift; sourceTree = "<group>"; };
		8064AF5B2427A9610089FE11 /* LightCulling.metal */ = {isa = PBXFileReference; lastKnownFileType = sourcecode.metal; path = LightCulling.metal; sourceTree = "<group>"; };
		8064AF5E2427FE7E0089FE11 /* DebugShaders.metal */ = {isa = PBXFileReference; fileEncoding = 4; lastKnownFileType = sourcecode.metal; path = DebugShaders.metal; sourceTree = "<group>"; };
		8064AF60242960CC0089FE11 /* Resolve.metal */ = {isa = PBXFileReference; lastKnownFileType = sourcecode.metal; path = Resolve.metal; sourceTree = "<group>"; };
		808695F623B8CA1E0007E75D /* TextureLoader.swift */ = {isa = PBXFileReference; lastKnownFileType = sourcecode.swift; path = TextureLoader.swift; sourceTree = "<group>"; };
		8086963523B8D8BC0007E75D /* GLTF.framework */ = {isa = PBXFileReference; explicitFileType = wrapper.framework; path = GLTF.framework; sourceTree = BUILT_PRODUCTS_DIR; };
		8086965B23B8DD150007E75D /* STF.framework */ = {isa = PBXFileReference; explicitFileType = wrapper.framework; path = STF.framework; sourceTree = BUILT_PRODUCTS_DIR; };
		8086965D23B8DDA00007E75D /* box.gltf */ = {isa = PBXFileReference; lastKnownFileType = text; path = box.gltf; sourceTree = SOURCE_ROOT; };
		809258CE24464E5400D2025F /* Single.swift */ = {isa = PBXFileReference; lastKnownFileType = sourcecode.swift; path = Single.swift; sourceTree = "<group>"; };
		8099AAEE23BE127E00E03CE0 /* Bounds.swift */ = {isa = PBXFileReference; lastKnownFileType = sourcecode.swift; path = Bounds.swift; sourceTree = "<group>"; };
		8099AAF423BF7AB700E03CE0 /* Light.swift */ = {isa = PBXFileReference; lastKnownFileType = sourcecode.swift; path = Light.swift; sourceTree = "<group>"; };
		8099AAF623CCF60100E03CE0 /* RenderQueue.swift */ = {isa = PBXFileReference; lastKnownFileType = sourcecode.swift; path = RenderQueue.swift; sourceTree = "<group>"; };
		8099AAF823CE747300E03CE0 /* SceneObject.swift */ = {isa = PBXFileReference; lastKnownFileType = sourcecode.swift; path = SceneObject.swift; sourceTree = "<group>"; };
		80A462C6238F0FB6009435EB /* ISOGame.app */ = {isa = PBXFileReference; explicitFileType = wrapper.application; includeInIndex = 0; path = ISOGame.app; sourceTree = BUILT_PRODUCTS_DIR; };
		80A462C9238F0FB6009435EB /* AppDelegate.swift */ = {isa = PBXFileReference; lastKnownFileType = sourcecode.swift; path = AppDelegate.swift; sourceTree = "<group>"; };
		80A462CB238F0FB6009435EB /* ViewController.swift */ = {isa = PBXFileReference; lastKnownFileType = sourcecode.swift; path = ViewController.swift; sourceTree = "<group>"; };
		80A462CD238F0FB9009435EB /* Assets.xcassets */ = {isa = PBXFileReference; lastKnownFileType = folder.assetcatalog; path = Assets.xcassets; sourceTree = "<group>"; };
		80A462D0238F0FB9009435EB /* Base */ = {isa = PBXFileReference; lastKnownFileType = file.storyboard; name = Base; path = Base.lproj/Main.storyboard; sourceTree = "<group>"; };
		80A462D2238F0FB9009435EB /* Info.plist */ = {isa = PBXFileReference; lastKnownFileType = text.plist.xml; path = Info.plist; sourceTree = "<group>"; };
		80A462D3238F0FB9009435EB /* ISOGame.entitlements */ = {isa = PBXFileReference; lastKnownFileType = text.plist.entitlements; path = ISOGame.entitlements; sourceTree = "<group>"; };
		80A462D9238F100B009435EB /* GameView.swift */ = {isa = PBXFileReference; lastKnownFileType = sourcecode.swift; path = GameView.swift; sourceTree = "<group>"; };
		80A462DB238F106B009435EB /* Renderer.swift */ = {isa = PBXFileReference; lastKnownFileType = sourcecode.swift; path = Renderer.swift; sourceTree = "<group>"; };
		80A462E0238F1254009435EB /* Scene.swift */ = {isa = PBXFileReference; lastKnownFileType = sourcecode.swift; path = Scene.swift; sourceTree = "<group>"; };
		80A462E6238F126A009435EB /* Mesh.swift */ = {isa = PBXFileReference; lastKnownFileType = sourcecode.swift; path = Mesh.swift; sourceTree = "<group>"; };
		80A462E8238F126F009435EB /* Submesh.swift */ = {isa = PBXFileReference; lastKnownFileType = sourcecode.swift; path = Submesh.swift; sourceTree = "<group>"; };
		80A462EA238F1287009435EB /* Primitive.swift */ = {isa = PBXFileReference; lastKnownFileType = sourcecode.swift; path = Primitive.swift; sourceTree = "<group>"; };
		80A462EC238F14AC009435EB /* Shaders.metal */ = {isa = PBXFileReference; lastKnownFileType = sourcecode.metal; path = Shaders.metal; sourceTree = "<group>"; };
		80A462EE238F1D58009435EB /* VertexDescriptor.swift */ = {isa = PBXFileReference; lastKnownFileType = sourcecode.swift; path = VertexDescriptor.swift; sourceTree = "<group>"; };
		80A462F1238F1E25009435EB /* MathLibrary.swift */ = {isa = PBXFileReference; lastKnownFileType = sourcecode.swift; path = MathLibrary.swift; sourceTree = "<group>"; };
		80A462F5238F22C5009435EB /* Camera.swift */ = {isa = PBXFileReference; lastKnownFileType = sourcecode.swift; path = Camera.swift; sourceTree = "<group>"; };
		80A462F7238F23AC009435EB /* ShaderCommon.h */ = {isa = PBXFileReference; lastKnownFileType = sourcecode.c.h; path = ShaderCommon.h; sourceTree = "<group>"; };
		80A4630123906C71009435EB /* cube.obj */ = {isa = PBXFileReference; fileEncoding = 4; lastKnownFileType = text; path = cube.obj; sourceTree = "<group>"; };
		80A4630523906C71009435EB /* cube.mtl */ = {isa = PBXFileReference; fileEncoding = 4; lastKnownFileType = text; path = cube.mtl; sourceTree = "<group>"; };
		80A4630D23906DFA009435EB /* chest-normal.png */ = {isa = PBXFileReference; lastKnownFileType = image.png; path = "chest-normal.png"; sourceTree = "<group>"; };
		80A4630E23906DFA009435EB /* chest-roughness.png */ = {isa = PBXFileReference; lastKnownFileType = image.png; path = "chest-roughness.png"; sourceTree = "<group>"; };
		80A4630F23906DFA009435EB /* chest.mtl */ = {isa = PBXFileReference; lastKnownFileType = text; path = chest.mtl; sourceTree = "<group>"; };
		80A4631023906DFA009435EB /* chest.obj */ = {isa = PBXFileReference; lastKnownFileType = text; path = chest.obj; sourceTree = "<group>"; };
		80A4631123906DFA009435EB /* chest-color.png */ = {isa = PBXFileReference; lastKnownFileType = image.png; path = "chest-color.png"; sourceTree = "<group>"; };
		80A4631B2396FE3B009435EB /* pbr */ = {isa = PBXFileReference; lastKnownFileType = folder; path = pbr; sourceTree = "<group>"; };
		80A4631D239704C1009435EB /* ironSphere.mtl */ = {isa = PBXFileReference; fileEncoding = 4; lastKnownFileType = text; path = ironSphere.mtl; sourceTree = "<group>"; };
		80A463242397136D009435EB /* rusted_iron_albedo.png */ = {isa = PBXFileReference; lastKnownFileType = image.png; path = rusted_iron_albedo.png; sourceTree = "<group>"; };
		80A463262397137D009435EB /* rusted_iron_metallic.png */ = {isa = PBXFileReference; lastKnownFileType = image.png; path = rusted_iron_metallic.png; sourceTree = "<group>"; };
		80A463272397137D009435EB /* rusted_iron_normal.png */ = {isa = PBXFileReference; lastKnownFileType = image.png; path = rusted_iron_normal.png; sourceTree = "<group>"; };
		80A463282397137D009435EB /* rusted_iron_ao.png */ = {isa = PBXFileReference; lastKnownFileType = image.png; path = rusted_iron_ao.png; sourceTree = "<group>"; };
		80A463292397137D009435EB /* rusted_iron_roughness.png */ = {isa = PBXFileReference; lastKnownFileType = image.png; path = rusted_iron_roughness.png; sourceTree = "<group>"; };
		80A46330239EC262009435EB /* ironSphere.obj */ = {isa = PBXFileReference; fileEncoding = 4; lastKnownFileType = text; path = ironSphere.obj; sourceTree = "<group>"; };
		80A46332239EE618009435EB /* gold_ao.png */ = {isa = PBXFileReference; lastKnownFileType = image.png; path = gold_ao.png; sourceTree = "<group>"; };
		80A46333239EE618009435EB /* gold_metallic.png */ = {isa = PBXFileReference; lastKnownFileType = image.png; path = gold_metallic.png; sourceTree = "<group>"; };
		80A46334239EE618009435EB /* gold_normal.png */ = {isa = PBXFileReference; lastKnownFileType = image.png; path = gold_normal.png; sourceTree = "<group>"; };
		80A46335239EE618009435EB /* gold_albedo.png */ = {isa = PBXFileReference; lastKnownFileType = image.png; path = gold_albedo.png; sourceTree = "<group>"; };
		80A46336239EE619009435EB /* gold_roughness.png */ = {isa = PBXFileReference; lastKnownFileType = image.png; path = gold_roughness.png; sourceTree = "<group>"; };
		80A46337239EE636009435EB /* goldSphere.mtl */ = {isa = PBXFileReference; lastKnownFileType = text; path = goldSphere.mtl; sourceTree = "<group>"; };
		80A46338239EE63F009435EB /* goldSphere.obj */ = {isa = PBXFileReference; lastKnownFileType = text; path = goldSphere.obj; sourceTree = "<group>"; };
		80A4634023A02201009435EB /* plasticSphere.mtl */ = {isa = PBXFileReference; lastKnownFileType = text; path = plasticSphere.mtl; sourceTree = "<group>"; };
		80A4634123A0220B009435EB /* plastic_albedo.png */ = {isa = PBXFileReference; lastKnownFileType = image.png; path = plastic_albedo.png; sourceTree = "<group>"; };
		80A4634223A0220C009435EB /* plastic_metallic.png */ = {isa = PBXFileReference; lastKnownFileType = image.png; path = plastic_metallic.png; sourceTree = "<group>"; };
		80A4634323A0220C009435EB /* plastic_normal.png */ = {isa = PBXFileReference; lastKnownFileType = image.png; path = plastic_normal.png; sourceTree = "<group>"; };
		80A4634423A0220C009435EB /* plastic_roughness.png */ = {isa = PBXFileReference; lastKnownFileType = image.png; path = plastic_roughness.png; sourceTree = "<group>"; };
		80A4634523A0220C009435EB /* plastic_ao.png */ = {isa = PBXFileReference; lastKnownFileType = image.png; path = plastic_ao.png; sourceTree = "<group>"; };
		80A4634C23A02217009435EB /* plasticSphere.obj */ = {isa = PBXFileReference; lastKnownFileType = text; path = plasticSphere.obj; sourceTree = "<group>"; };
		80A4634E23A2C367009435EB /* garage_pmrem.ktx */ = {isa = PBXFileReference; lastKnownFileType = file; path = garage_pmrem.ktx; sourceTree = "<group>"; };
		80A4635023A2C383009435EB /* loft_pmrem.ktx */ = {isa = PBXFileReference; lastKnownFileType = file; path = loft_pmrem.ktx; sourceTree = "<group>"; };
		80A4635223A2CC22009435EB /* grass_metallic.png */ = {isa = PBXFileReference; lastKnownFileType = image.png; path = grass_metallic.png; sourceTree = "<group>"; };
		80A4635323A2CC22009435EB /* grass_normal.png */ = {isa = PBXFileReference; lastKnownFileType = image.png; path = grass_normal.png; sourceTree = "<group>"; };
		80A4635423A2CC22009435EB /* grass_ao.png */ = {isa = PBXFileReference; lastKnownFileType = image.png; path = grass_ao.png; sourceTree = "<group>"; };
		80A4635523A2CC22009435EB /* grass_roughness.png */ = {isa = PBXFileReference; lastKnownFileType = image.png; path = grass_roughness.png; sourceTree = "<group>"; };
		80A4635623A2CC22009435EB /* grass_albedo.png */ = {isa = PBXFileReference; lastKnownFileType = image.png; path = grass_albedo.png; sourceTree = "<group>"; };
		80A4635C23A2CC2A009435EB /* grassSphere.obj */ = {isa = PBXFileReference; lastKnownFileType = text; path = grassSphere.obj; sourceTree = "<group>"; };
		80A4635D23A2CC2B009435EB /* grassSphere.mtl */ = {isa = PBXFileReference; lastKnownFileType = text; path = grassSphere.mtl; sourceTree = "<group>"; };
		80A4636023A80DBC009435EB /* helmet.mtl */ = {isa = PBXFileReference; fileEncoding = 4; lastKnownFileType = text; path = helmet.mtl; sourceTree = "<group>"; };
		80A4636123A80DBD009435EB /* helmet.obj */ = {isa = PBXFileReference; fileEncoding = 4; lastKnownFileType = text; path = helmet.obj; sourceTree = "<group>"; };
/* End PBXFileReference section */

/* Begin PBXFrameworksBuildPhase section */
		80A462C3238F0FB6009435EB /* Frameworks */ = {
			isa = PBXFrameworksBuildPhase;
			buildActionMask = 2147483647;
			files = (
			);
			runOnlyForDeploymentPostprocessing = 0;
		};
/* End PBXFrameworksBuildPhase section */

/* Begin PBXGroup section */
		800604AD23F9EF1E00B3FB7F /* Scene */ = {
			isa = PBXGroup;
			children = (
				80A462E0238F1254009435EB /* Scene.swift */,
				80438C1623FA0CF600099034 /* SceneManager.swift */,
			);
			path = Scene;
			sourceTree = "<group>";
		};
		800604AE23F9EF2400B3FB7F /* Graphics */ = {
			isa = PBXGroup;
			children = (
				8099AAF623CCF60100E03CE0 /* RenderQueue.swift */,
				8099AAF423BF7AB700E03CE0 /* Light.swift */,
				80A462F5238F22C5009435EB /* Camera.swift */,
				800604B423F9F6BB00B3FB7F /* Transform.swift */,
				800604B623F9F85000B3FB7F /* MeshSelector.swift */,
				800604B823F9F87D00B3FB7F /* MeshRenderer.swift */,
			);
			path = Graphics;
			sourceTree = "<group>";
		};
		800604AF23F9EF2C00B3FB7F /* Rendering */ = {
			isa = PBXGroup;
			children = (
			);
			path = Rendering;
			sourceTree = "<group>";
		};
		800604B123F9F54A00B3FB7F /* Gameplay */ = {
			isa = PBXGroup;
			children = (
			);
			path = Gameplay;
			sourceTree = "<group>";
		};
		800E6DD323F2096E00412CCE /* Docs */ = {
			isa = PBXGroup;
			children = (
				8099AAF823CE747300E03CE0 /* SceneObject.swift */,
				800E6DD123F2093D00412CCE /* design.md */,
			);
			path = Docs;
			sourceTree = "<group>";
		};
		8015C69C23D6479F00DFF109 /* ECS */ = {
			isa = PBXGroup;
			children = (
				80438C1B2405C3C100099034 /* Entity */,
				80438C1C2405C3C800099034 /* Component */,
				8015C6D323D64CDE00DFF109 /* Group */,
				8015C6D423D64D1200DFF109 /* Nexus */,
				8015C6A023D647AF00DFF109 /* ManagedContiguousArray.swift */,
				8015C6A123D647AF00DFF109 /* UnorderedSparseSet.swift */,
				8015C6B223D647B000DFF109 /* Hashing.swift */,
			);
			path = ECS;
			sourceTree = "<group>";
		};
		8015C6D323D64CDE00DFF109 /* Group */ = {
			isa = PBXGroup;
			children = (
				809258CE24464E5400D2025F /* Single.swift */,
				8015C6B423D647B100DFF109 /* Group.swift */,
				8015C6A323D647AF00DFF109 /* Group1.swift */,
				8015C6A423D647B000DFF109 /* Group2.swift */,
				8015C6B323D647B100DFF109 /* Group3.swift */,
				8015C6AB23D647B000DFF109 /* Group4.swift */,
				8015C6B623D647B100DFF109 /* Group5.swift */,
				8015C69D23D647AF00DFF109 /* GroupRequirementsManaging.swift */,
				8015C6A523D647B000DFF109 /* GroupTraitSet.swift */,
				8015C6A623D647B000DFF109 /* Nexus+Group.swift */,
				8015C6B123D647B000DFF109 /* Nexus+GroupUpdate.swift */,
			);
			name = Group;
			sourceTree = "<group>";
		};
		8015C6D423D64D1200DFF109 /* Nexus */ = {
			isa = PBXGroup;
			children = (
				8015C6A723D647B000DFF109 /* Nexus.swift */,
			);
			name = Nexus;
			sourceTree = "<group>";
		};
		80438C1B2405C3C100099034 /* Entity */ = {
			isa = PBXGroup;
			children = (
				8015C6A223D647AF00DFF109 /* Entity.swift */,
				8015C6B023D647B000DFF109 /* EntityIdentifier.swift */,
				8015C6B723D647B100DFF109 /* Nexus+Entity.swift */,
			);
			name = Entity;
			sourceTree = "<group>";
		};
		80438C1C2405C3C800099034 /* Component */ = {
			isa = PBXGroup;
			children = (
				8015C6AA23D647B000DFF109 /* Component.swift */,
				8015C6AC23D647B000DFF109 /* ComponentAccess.swift */,
				8015C6A923D647B000DFF109 /* ComponentIdentifier.swift */,
				8015C6A823D647B000DFF109 /* Nexus+Component.swift */,
			);
			name = Component;
			sourceTree = "<group>";
		};
		80438C1E2405DEB800099034 /* AppInfo */ = {
			isa = PBXGroup;
			children = (
				80A462CD238F0FB9009435EB /* Assets.xcassets */,
				80A462D2238F0FB9009435EB /* Info.plist */,
				80A462D3238F0FB9009435EB /* ISOGame.entitlements */,
			);
			name = AppInfo;
			sourceTree = "<group>";
		};
		8064AF5D2427F63E0089FE11 /* Shaders */ = {
			isa = PBXGroup;
			children = (
				8064AF5E2427FE7E0089FE11 /* DebugShaders.metal */,
				80A462F7238F23AC009435EB /* ShaderCommon.h */,
				80A462EC238F14AC009435EB /* Shaders.metal */,
				8064AF60242960CC0089FE11 /* Resolve.metal */,
				8064AF5B2427A9610089FE11 /* LightCulling.metal */,
			);
			path = Shaders;
			sourceTree = "<group>";
		};
		8086963423B8D8BC0007E75D /* Frameworks */ = {
			isa = PBXGroup;
			children = (
				8086965B23B8DD150007E75D /* STF.framework */,
				8086963523B8D8BC0007E75D /* GLTF.framework */,
			);
			name = Frameworks;
			sourceTree = "<group>";
		};
		80A462BD238F0FB6009435EB = {
			isa = PBXGroup;
			children = (
				80A462C8238F0FB6009435EB /* ISOGame */,
				80A462C7238F0FB6009435EB /* Products */,
				8086963423B8D8BC0007E75D /* Frameworks */,
			);
			sourceTree = "<group>";
		};
		80A462C7238F0FB6009435EB /* Products */ = {
			isa = PBXGroup;
			children = (
				80A462C6238F0FB6009435EB /* ISOGame.app */,
			);
			name = Products;
			sourceTree = "<group>";
		};
		80A462C8238F0FB6009435EB /* ISOGame */ = {
			isa = PBXGroup;
			children = (
				80A462DD238F10D7009435EB /* App */,
				800604B123F9F54A00B3FB7F /* Gameplay */,
				800604AF23F9EF2C00B3FB7F /* Rendering */,
				800604AE23F9EF2400B3FB7F /* Graphics */,
				800604AD23F9EF1E00B3FB7F /* Scene */,
				8015C69C23D6479F00DFF109 /* ECS */,
				80A462F8238F25C6009435EB /* Models */,
				80A462F0238F1E14009435EB /* Utility */,
				80438C23240DC31B00099034 /* Input.swift */,
				80A462E6238F126A009435EB /* Mesh.swift */,
				80A462E8238F126F009435EB /* Submesh.swift */,
				80A462EA238F1287009435EB /* Primitive.swift */,
				80A462DB238F106B009435EB /* Renderer.swift */,
				80438C21240B2A6300099034 /* DebugRendering.swift */,
				8064AF5D2427F63E0089FE11 /* Shaders */,
				80A462EE238F1D58009435EB /* VertexDescriptor.swift */,
				808695F623B8CA1E0007E75D /* TextureLoader.swift */,
				80438C1E2405DEB800099034 /* AppInfo */,
				800E6DD323F2096E00412CCE /* Docs */,
			);
			path = ISOGame;
			sourceTree = "<group>";
		};
		80A462DD238F10D7009435EB /* App */ = {
			isa = PBXGroup;
			children = (
				80A462C9238F0FB6009435EB /* AppDelegate.swift */,
				80A462CB238F0FB6009435EB /* ViewController.swift */,
				80A462CF238F0FB9009435EB /* Main.storyboard */,
				80A462D9238F100B009435EB /* GameView.swift */,
			);
			path = App;
			sourceTree = "<group>";
		};
		80A462F0238F1E14009435EB /* Utility */ = {
			isa = PBXGroup;
			children = (
				80A462F1238F1E25009435EB /* MathLibrary.swift */,
				8099AAEE23BE127E00E03CE0 /* Bounds.swift */,
				80438C1F240B0A2700099034 /* Frustum.swift */,
			);
			path = Utility;
			sourceTree = "<group>";
		};
		80A462F8238F25C6009435EB /* Models */ = {
			isa = PBXGroup;
			children = (
				8086965D23B8DDA00007E75D /* box.gltf */,
				80A4636023A80DBC009435EB /* helmet.mtl */,
				80A4636123A80DBD009435EB /* helmet.obj */,
				80A4635023A2C383009435EB /* loft_pmrem.ktx */,
				80A4634E23A2C367009435EB /* garage_pmrem.ktx */,
				80A4631D239704C1009435EB /* ironSphere.mtl */,
				80A4634023A02201009435EB /* plasticSphere.mtl */,
				80A46337239EE636009435EB /* goldSphere.mtl */,
				80A4635D23A2CC2B009435EB /* grassSphere.mtl */,
				80A46330239EC262009435EB /* ironSphere.obj */,
				80A46338239EE63F009435EB /* goldSphere.obj */,
				80A4634C23A02217009435EB /* plasticSphere.obj */,
				80A463242397136D009435EB /* rusted_iron_albedo.png */,
				80A463282397137D009435EB /* rusted_iron_ao.png */,
				80A463262397137D009435EB /* rusted_iron_metallic.png */,
				80A463272397137D009435EB /* rusted_iron_normal.png */,
				80A463292397137D009435EB /* rusted_iron_roughness.png */,
				80A46335239EE618009435EB /* gold_albedo.png */,
				80A46332239EE618009435EB /* gold_ao.png */,
				80A46333239EE618009435EB /* gold_metallic.png */,
				80A46334239EE618009435EB /* gold_normal.png */,
				80A46336239EE619009435EB /* gold_roughness.png */,
				80A4634123A0220B009435EB /* plastic_albedo.png */,
				80A4634523A0220C009435EB /* plastic_ao.png */,
				80A4634223A0220C009435EB /* plastic_metallic.png */,
				80A4634323A0220C009435EB /* plastic_normal.png */,
				80A4634423A0220C009435EB /* plastic_roughness.png */,
				80A4635623A2CC22009435EB /* grass_albedo.png */,
				80A4635423A2CC22009435EB /* grass_ao.png */,
				80A4635223A2CC22009435EB /* grass_metallic.png */,
				80A4635323A2CC22009435EB /* grass_normal.png */,
				80A4635523A2CC22009435EB /* grass_roughness.png */,
				80A4635C23A2CC2A009435EB /* grassSphere.obj */,
				80A4631B2396FE3B009435EB /* pbr */,
				80A4630523906C71009435EB /* cube.mtl */,
				80A4630123906C71009435EB /* cube.obj */,
				80A4631123906DFA009435EB /* chest-color.png */,
				80A4630D23906DFA009435EB /* chest-normal.png */,
				80A4630E23906DFA009435EB /* chest-roughness.png */,
				80A4630F23906DFA009435EB /* chest.mtl */,
				80A4631023906DFA009435EB /* chest.obj */,
			);
			path = Models;
			sourceTree = "<group>";
		};
/* End PBXGroup section */

/* Begin PBXNativeTarget section */
		80A462C5238F0FB6009435EB /* ISOGame */ = {
			isa = PBXNativeTarget;
			buildConfigurationList = 80A462D6238F0FB9009435EB /* Build configuration list for PBXNativeTarget "ISOGame" */;
			buildPhases = (
				80A462C2238F0FB6009435EB /* Sources */,
				80A462C3238F0FB6009435EB /* Frameworks */,
				80A462C4238F0FB6009435EB /* Resources */,
			);
			buildRules = (
			);
			dependencies = (
			);
			name = ISOGame;
			packageProductDependencies = (
			);
			productName = ISOGame;
			productReference = 80A462C6238F0FB6009435EB /* ISOGame.app */;
			productType = "com.apple.product-type.application";
		};
/* End PBXNativeTarget section */

/* Begin PBXProject section */
		80A462BE238F0FB6009435EB /* Project object */ = {
			isa = PBXProject;
			attributes = {
				LastSwiftUpdateCheck = 1120;
				LastUpgradeCheck = 1140;
				ORGANIZATIONNAME = "Jos Kuijpers";
				TargetAttributes = {
					80A462C5238F0FB6009435EB = {
						CreatedOnToolsVersion = 11.2.1;
					};
				};
			};
			buildConfigurationList = 80A462C1238F0FB6009435EB /* Build configuration list for PBXProject "ISOGame" */;
			compatibilityVersion = "Xcode 9.3";
			developmentRegion = en;
			hasScannedForEncodings = 0;
			knownRegions = (
				en,
				Base,
			);
			mainGroup = 80A462BD238F0FB6009435EB;
			productRefGroup = 80A462C7238F0FB6009435EB /* Products */;
			projectDirPath = "";
			projectRoot = "";
			targets = (
				80A462C5238F0FB6009435EB /* ISOGame */,
			);
		};
/* End PBXProject section */

/* Begin PBXResourcesBuildPhase section */
		80A462C4238F0FB6009435EB /* Resources */ = {
			isa = PBXResourcesBuildPhase;
			buildActionMask = 2147483647;
			files = (
				80A4633A239EE6B4009435EB /* goldSphere.obj in Resources */,
				80A4635823A2CC25009435EB /* grass_ao.png in Resources */,
				80A4635A23A2CC25009435EB /* grass_normal.png in Resources */,
				80A462CE238F0FB9009435EB /* Assets.xcassets in Resources */,
				80A4634723A02211009435EB /* plastic_ao.png in Resources */,
				80A4635723A2CC25009435EB /* grass_albedo.png in Resources */,
				80A4634623A02211009435EB /* plastic_albedo.png in Resources */,
				80A4634A23A02211009435EB /* plastic_roughness.png in Resources */,
				80A4634D23A02220009435EB /* plasticSphere.obj in Resources */,
				80A4633B239EE6B9009435EB /* gold_albedo.png in Resources */,
				80A4631523906E1B009435EB /* chest.mtl in Resources */,
				80A4635123A2C384009435EB /* loft_pmrem.ktx in Resources */,
				80A4631323906E1B009435EB /* chest-normal.png in Resources */,
				80A4636623A80DC0009435EB /* helmet.mtl in Resources */,
				80A4632B23971380009435EB /* rusted_iron_metallic.png in Resources */,
				80A4631C2396FE3B009435EB /* pbr in Resources */,
				80A4636723A80DC0009435EB /* helmet.obj in Resources */,
				80A4633C239EE6B9009435EB /* gold_ao.png in Resources */,
				80A4633D239EE6B9009435EB /* gold_metallic.png in Resources */,
				80A4632D23971380009435EB /* rusted_iron_roughness.png in Resources */,
				80A46331239EC262009435EB /* ironSphere.obj in Resources */,
				80A4631F239704C1009435EB /* ironSphere.mtl in Resources */,
				80A4631223906E1B009435EB /* chest-color.png in Resources */,
				80A4631623906E1B009435EB /* chest.obj in Resources */,
				80A46339239EE6B1009435EB /* goldSphere.mtl in Resources */,
				80A463252397136F009435EB /* rusted_iron_albedo.png in Resources */,
				80A4633F239EE6B9009435EB /* gold_roughness.png in Resources */,
				80A462D1238F0FB9009435EB /* Main.storyboard in Resources */,
				80A4630B23906C71009435EB /* cube.mtl in Resources */,
				80A4634923A02211009435EB /* plastic_normal.png in Resources */,
				80A4635923A2CC25009435EB /* grass_metallic.png in Resources */,
				80A4635E23A2CC95009435EB /* grassSphere.mtl in Resources */,
				80A4632A23971380009435EB /* rusted_iron_ao.png in Resources */,
				80A4633E239EE6B9009435EB /* gold_normal.png in Resources */,
				80A4631423906E1B009435EB /* chest-roughness.png in Resources */,
				80A4630723906C71009435EB /* cube.obj in Resources */,
				80A4634F23A2C367009435EB /* garage_pmrem.ktx in Resources */,
				800E6DD223F2093D00412CCE /* design.md in Resources */,
				80A4634823A02211009435EB /* plastic_metallic.png in Resources */,
				80A4635B23A2CC25009435EB /* grass_roughness.png in Resources */,
				80A4632C23971380009435EB /* rusted_iron_normal.png in Resources */,
				80A4634B23A02215009435EB /* plasticSphere.mtl in Resources */,
				80A4635F23A2CC95009435EB /* grassSphere.obj in Resources */,
			);
			runOnlyForDeploymentPostprocessing = 0;
		};
/* End PBXResourcesBuildPhase section */

/* Begin PBXSourcesBuildPhase section */
		80A462C2238F0FB6009435EB /* Sources */ = {
			isa = PBXSourcesBuildPhase;
			buildActionMask = 2147483647;
			files = (
				8099AAF523BF7AB700E03CE0 /* Light.swift in Sources */,
				800604B923F9F87D00B3FB7F /* MeshRenderer.swift in Sources */,
				8015C6CC23D647B100DFF109 /* Nexus+GroupUpdate.swift in Sources */,
				8015C6C723D647B100DFF109 /* ComponentAccess.swift in Sources */,
				8015C6C323D647B100DFF109 /* Nexus+Component.swift in Sources */,
				8099AAF923CE747300E03CE0 /* SceneObject.swift in Sources */,
				8015C6C523D647B100DFF109 /* Component.swift in Sources */,
				8015C6BE23D647B100DFF109 /* Group1.swift in Sources */,
				8015C6C623D647B100DFF109 /* Group4.swift in Sources */,
				80438C24240DC31B00099034 /* Input.swift in Sources */,
				800604B723F9F85000B3FB7F /* MeshSelector.swift in Sources */,
				8015C6BF23D647B100DFF109 /* Group2.swift in Sources */,
				80A462DC238F106B009435EB /* Renderer.swift in Sources */,
				80A462E1238F1254009435EB /* Scene.swift in Sources */,
				8015C6C223D647B100DFF109 /* Nexus.swift in Sources */,
				80A462CC238F0FB6009435EB /* ViewController.swift in Sources */,
				8015C6CE23D647B100DFF109 /* Group3.swift in Sources */,
				80438C20240B0A2700099034 /* Frustum.swift in Sources */,
				8064AF5C2427A9610089FE11 /* LightCulling.metal in Sources */,
				80A462DA238F100B009435EB /* GameView.swift in Sources */,
				808695F723B8CA1E0007E75D /* TextureLoader.swift in Sources */,
				8015C6B823D647B100DFF109 /* GroupRequirementsManaging.swift in Sources */,
				8015C6BD23D647B100DFF109 /* Entity.swift in Sources */,
				8015C6CD23D647B100DFF109 /* Hashing.swift in Sources */,
				80A462E7238F126A009435EB /* Mesh.swift in Sources */,
				8015C6C023D647B100DFF109 /* GroupTraitSet.swift in Sources */,
				8015C6D223D647B100DFF109 /* Nexus+Entity.swift in Sources */,
				8015C6BB23D647B100DFF109 /* ManagedContiguousArray.swift in Sources */,
				80A462EF238F1D58009435EB /* VertexDescriptor.swift in Sources */,
				80A462E9238F126F009435EB /* Submesh.swift in Sources */,
				8015C6D123D647B100DFF109 /* Group5.swift in Sources */,
				809258CF24464E5400D2025F /* Single.swift in Sources */,
				8015C6CB23D647B100DFF109 /* EntityIdentifier.swift in Sources */,
				8015C6C423D647B100DFF109 /* ComponentIdentifier.swift in Sources */,
				80A462CA238F0FB6009435EB /* AppDelegate.swift in Sources */,
				80A462ED238F14AC009435EB /* Shaders.metal in Sources */,
				8064AF61242960CC0089FE11 /* Resolve.metal in Sources */,
				8099AAEF23BE127E00E03CE0 /* Bounds.swift in Sources */,
				80438C1723FA0CF600099034 /* SceneManager.swift in Sources */,
				8099AAF723CCF60100E03CE0 /* RenderQueue.swift in Sources */,
				8015C6BC23D647B100DFF109 /* UnorderedSparseSet.swift in Sources */,
				80A462F6238F22C5009435EB /* Camera.swift in Sources */,
				8064AF5F2427FE7E0089FE11 /* DebugShaders.metal in Sources */,
				8015C6CF23D647B100DFF109 /* Group.swift in Sources */,
				800604B523F9F6BB00B3FB7F /* Transform.swift in Sources */,
				80438C22240B2A6300099034 /* DebugRendering.swift in Sources */,
				8015C6C123D647B100DFF109 /* Nexus+Group.swift in Sources */,
				80A462F2238F1E25009435EB /* MathLibrary.swift in Sources */,
				80A462EB238F1287009435EB /* Primitive.swift in Sources */,
			);
			runOnlyForDeploymentPostprocessing = 0;
		};
/* End PBXSourcesBuildPhase section */

/* Begin PBXVariantGroup section */
		80A462CF238F0FB9009435EB /* Main.storyboard */ = {
			isa = PBXVariantGroup;
			children = (
				80A462D0238F0FB9009435EB /* Base */,
			);
			name = Main.storyboard;
			sourceTree = "<group>";
		};
/* End PBXVariantGroup section */

/* Begin XCBuildConfiguration section */
		80A462D4238F0FB9009435EB /* Debug */ = {
			isa = XCBuildConfiguration;
			buildSettings = {
				ALWAYS_SEARCH_USER_PATHS = NO;
				CLANG_ANALYZER_NONNULL = YES;
				CLANG_ANALYZER_NUMBER_OBJECT_CONVERSION = YES_AGGRESSIVE;
				CLANG_CXX_LANGUAGE_STANDARD = "gnu++14";
				CLANG_CXX_LIBRARY = "libc++";
				CLANG_ENABLE_MODULES = YES;
				CLANG_ENABLE_OBJC_ARC = YES;
				CLANG_ENABLE_OBJC_WEAK = YES;
				CLANG_WARN_BLOCK_CAPTURE_AUTORELEASING = YES;
				CLANG_WARN_BOOL_CONVERSION = YES;
				CLANG_WARN_COMMA = YES;
				CLANG_WARN_CONSTANT_CONVERSION = YES;
				CLANG_WARN_DEPRECATED_OBJC_IMPLEMENTATIONS = YES;
				CLANG_WARN_DIRECT_OBJC_ISA_USAGE = YES_ERROR;
				CLANG_WARN_DOCUMENTATION_COMMENTS = YES;
				CLANG_WARN_EMPTY_BODY = YES;
				CLANG_WARN_ENUM_CONVERSION = YES;
				CLANG_WARN_INFINITE_RECURSION = YES;
				CLANG_WARN_INT_CONVERSION = YES;
				CLANG_WARN_NON_LITERAL_NULL_CONVERSION = YES;
				CLANG_WARN_OBJC_IMPLICIT_RETAIN_SELF = YES;
				CLANG_WARN_OBJC_LITERAL_CONVERSION = YES;
				CLANG_WARN_OBJC_ROOT_CLASS = YES_ERROR;
				CLANG_WARN_RANGE_LOOP_ANALYSIS = YES;
				CLANG_WARN_STRICT_PROTOTYPES = YES;
				CLANG_WARN_SUSPICIOUS_MOVE = YES;
				CLANG_WARN_UNGUARDED_AVAILABILITY = YES_AGGRESSIVE;
				CLANG_WARN_UNREACHABLE_CODE = YES;
				CLANG_WARN__DUPLICATE_METHOD_MATCH = YES;
				COPY_PHASE_STRIP = NO;
				DEBUG_INFORMATION_FORMAT = dwarf;
				ENABLE_STRICT_OBJC_MSGSEND = YES;
				ENABLE_TESTABILITY = YES;
				GCC_C_LANGUAGE_STANDARD = gnu11;
				GCC_DYNAMIC_NO_PIC = NO;
				GCC_NO_COMMON_BLOCKS = YES;
				GCC_OPTIMIZATION_LEVEL = 0;
				GCC_PREPROCESSOR_DEFINITIONS = (
					"DEBUG=1",
					"$(inherited)",
				);
				GCC_WARN_64_TO_32_BIT_CONVERSION = YES;
				GCC_WARN_ABOUT_RETURN_TYPE = YES_ERROR;
				GCC_WARN_UNDECLARED_SELECTOR = YES;
				GCC_WARN_UNINITIALIZED_AUTOS = YES_AGGRESSIVE;
				GCC_WARN_UNUSED_FUNCTION = YES;
				GCC_WARN_UNUSED_VARIABLE = YES;
				MACOSX_DEPLOYMENT_TARGET = 10.15;
				MTL_ENABLE_DEBUG_INFO = INCLUDE_SOURCE;
				MTL_FAST_MATH = YES;
				ONLY_ACTIVE_ARCH = YES;
				SDKROOT = macosx;
				SWIFT_ACTIVE_COMPILATION_CONDITIONS = DEBUG;
				SWIFT_OPTIMIZATION_LEVEL = "-Onone";
			};
			name = Debug;
		};
		80A462D5238F0FB9009435EB /* Release */ = {
			isa = XCBuildConfiguration;
			buildSettings = {
				ALWAYS_SEARCH_USER_PATHS = NO;
				CLANG_ANALYZER_NONNULL = YES;
				CLANG_ANALYZER_NUMBER_OBJECT_CONVERSION = YES_AGGRESSIVE;
				CLANG_CXX_LANGUAGE_STANDARD = "gnu++14";
				CLANG_CXX_LIBRARY = "libc++";
				CLANG_ENABLE_MODULES = YES;
				CLANG_ENABLE_OBJC_ARC = YES;
				CLANG_ENABLE_OBJC_WEAK = YES;
				CLANG_WARN_BLOCK_CAPTURE_AUTORELEASING = YES;
				CLANG_WARN_BOOL_CONVERSION = YES;
				CLANG_WARN_COMMA = YES;
				CLANG_WARN_CONSTANT_CONVERSION = YES;
				CLANG_WARN_DEPRECATED_OBJC_IMPLEMENTATIONS = YES;
				CLANG_WARN_DIRECT_OBJC_ISA_USAGE = YES_ERROR;
				CLANG_WARN_DOCUMENTATION_COMMENTS = YES;
				CLANG_WARN_EMPTY_BODY = YES;
				CLANG_WARN_ENUM_CONVERSION = YES;
				CLANG_WARN_INFINITE_RECURSION = YES;
				CLANG_WARN_INT_CONVERSION = YES;
				CLANG_WARN_NON_LITERAL_NULL_CONVERSION = YES;
				CLANG_WARN_OBJC_IMPLICIT_RETAIN_SELF = YES;
				CLANG_WARN_OBJC_LITERAL_CONVERSION = YES;
				CLANG_WARN_OBJC_ROOT_CLASS = YES_ERROR;
				CLANG_WARN_RANGE_LOOP_ANALYSIS = YES;
				CLANG_WARN_STRICT_PROTOTYPES = YES;
				CLANG_WARN_SUSPICIOUS_MOVE = YES;
				CLANG_WARN_UNGUARDED_AVAILABILITY = YES_AGGRESSIVE;
				CLANG_WARN_UNREACHABLE_CODE = YES;
				CLANG_WARN__DUPLICATE_METHOD_MATCH = YES;
				COPY_PHASE_STRIP = NO;
				DEBUG_INFORMATION_FORMAT = "dwarf-with-dsym";
				ENABLE_NS_ASSERTIONS = NO;
				ENABLE_STRICT_OBJC_MSGSEND = YES;
				GCC_C_LANGUAGE_STANDARD = gnu11;
				GCC_NO_COMMON_BLOCKS = YES;
				GCC_OPTIMIZATION_LEVEL = fast;
				GCC_WARN_64_TO_32_BIT_CONVERSION = YES;
				GCC_WARN_ABOUT_RETURN_TYPE = YES_ERROR;
				GCC_WARN_UNDECLARED_SELECTOR = YES;
				GCC_WARN_UNINITIALIZED_AUTOS = YES_AGGRESSIVE;
				GCC_WARN_UNUSED_FUNCTION = YES;
				GCC_WARN_UNUSED_VARIABLE = YES;
				MACOSX_DEPLOYMENT_TARGET = 10.15;
				MTL_ENABLE_DEBUG_INFO = NO;
				MTL_FAST_MATH = YES;
				SDKROOT = macosx;
				SWIFT_COMPILATION_MODE = wholemodule;
				SWIFT_OPTIMIZATION_LEVEL = "-O";
			};
			name = Release;
		};
		80A462D7238F0FB9009435EB /* Debug */ = {
			isa = XCBuildConfiguration;
			buildSettings = {
				ASSETCATALOG_COMPILER_APPICON_NAME = AppIcon;
				CODE_SIGN_ENTITLEMENTS = ISOGame/ISOGame.entitlements;
				CODE_SIGN_IDENTITY = "-";
				CODE_SIGN_STYLE = Automatic;
				COMBINE_HIDPI_IMAGES = YES;
				DEVELOPMENT_TEAM = 95XB3LMP34;
				ENABLE_HARDENED_RUNTIME = YES;
				INFOPLIST_FILE = ISOGame/Info.plist;
				LD_RUNPATH_SEARCH_PATHS = (
					"$(inherited)",
					"@executable_path/../Frameworks",
				);
				PRODUCT_BUNDLE_IDENTIFIER = nl.joskuijpers.ISOGame;
				PRODUCT_NAME = "$(TARGET_NAME)";
				SWIFT_OBJC_BRIDGING_HEADER = ISOGame/Shaders/ShaderCommon.h;
				SWIFT_VERSION = 5.0;
			};
			name = Debug;
		};
		80A462D8238F0FB9009435EB /* Release */ = {
			isa = XCBuildConfiguration;
			buildSettings = {
				ASSETCATALOG_COMPILER_APPICON_NAME = AppIcon;
				CODE_SIGN_ENTITLEMENTS = ISOGame/ISOGame.entitlements;
				CODE_SIGN_IDENTITY = "-";
				CODE_SIGN_STYLE = Automatic;
				COMBINE_HIDPI_IMAGES = YES;
				DEVELOPMENT_TEAM = 95XB3LMP34;
				ENABLE_HARDENED_RUNTIME = YES;
				INFOPLIST_FILE = ISOGame/Info.plist;
				LD_RUNPATH_SEARCH_PATHS = (
					"$(inherited)",
					"@executable_path/../Frameworks",
				);
				PRODUCT_BUNDLE_IDENTIFIER = nl.joskuijpers.ISOGame;
				PRODUCT_NAME = "$(TARGET_NAME)";
				SWIFT_OBJC_BRIDGING_HEADER = ISOGame/Shaders/ShaderCommon.h;
				SWIFT_VERSION = 5.0;
			};
			name = Release;
		};
/* End XCBuildConfiguration section */

/* Begin XCConfigurationList section */
		80A462C1238F0FB6009435EB /* Build configuration list for PBXProject "ISOGame" */ = {
			isa = XCConfigurationList;
			buildConfigurations = (
				80A462D4238F0FB9009435EB /* Debug */,
				80A462D5238F0FB9009435EB /* Release */,
			);
			defaultConfigurationIsVisible = 0;
			defaultConfigurationName = Release;
		};
		80A462D6238F0FB9009435EB /* Build configuration list for PBXNativeTarget "ISOGame" */ = {
			isa = XCConfigurationList;
			buildConfigurations = (
				80A462D7238F0FB9009435EB /* Debug */,
				80A462D8238F0FB9009435EB /* Release */,
			);
			defaultConfigurationIsVisible = 0;
			defaultConfigurationName = Release;
		};
/* End XCConfigurationList section */
	};
	rootObject = 80A462BE238F0FB6009435EB /* Project object */;
}
