// !$*UTF8*$!
{
	archiveVersion = 1;
	classes = {
	};
	objectVersion = 50;
	objects = {

/* Begin PBXBuildFile section */
		801E840C246464370021CEAD /* Metal.framework in Frameworks */ = {isa = PBXBuildFile; fileRef = 801E840B246464370021CEAD /* Metal.framework */; };
		801E843D24670F940021CEAD /* SparrowBinaryCoder.framework in Frameworks */ = {isa = PBXBuildFile; fileRef = 801E843C24670F940021CEAD /* SparrowBinaryCoder.framework */; };
		801E844A246829510021CEAD /* ObjParser.swift in Sources */ = {isa = PBXBuildFile; fileRef = 801E8449246829510021CEAD /* ObjParser.swift */; };
		801E844C246829570021CEAD /* MtlParser.swift in Sources */ = {isa = PBXBuildFile; fileRef = 801E844B246829570021CEAD /* MtlParser.swift */; };
		801E844E246829770021CEAD /* StructuredTextParser.swift in Sources */ = {isa = PBXBuildFile; fileRef = 801E844D246829770021CEAD /* StructuredTextParser.swift */; };
		801E8450246829F40021CEAD /* ObjTypes.swift in Sources */ = {isa = PBXBuildFile; fileRef = 801E844F246829F40021CEAD /* ObjTypes.swift */; };
		801E845224682A310021CEAD /* ToolExtensions.swift in Sources */ = {isa = PBXBuildFile; fileRef = 801E845124682A310021CEAD /* ToolExtensions.swift */; };
		8086960523B8D2B20007E75D /* main.swift in Sources */ = {isa = PBXBuildFile; fileRef = 8086960423B8D2B20007E75D /* main.swift */; };
		80E216C3245C205100269C56 /* CPlusPlusLinkage.cpp in Sources */ = {isa = PBXBuildFile; fileRef = 80E216C2245C205100269C56 /* CPlusPlusLinkage.cpp */; };
		80E216C6245C4FA000269C56 /* SAMaterial.swift in Sources */ = {isa = PBXBuildFile; fileRef = 80E216C5245C4FA000269C56 /* SAMaterial.swift */; };
		80E216CA245DAF5600269C56 /* SAMesh.swift in Sources */ = {isa = PBXBuildFile; fileRef = 80E216C9245DAF5600269C56 /* SAMesh.swift */; };
		80E216CC245DAF5B00269C56 /* SANode.swift in Sources */ = {isa = PBXBuildFile; fileRef = 80E216CB245DAF5B00269C56 /* SANode.swift */; };
		80E216CE245DAF6000269C56 /* SASubmesh.swift in Sources */ = {isa = PBXBuildFile; fileRef = 80E216CD245DAF6000269C56 /* SASubmesh.swift */; };
		80E216D0245DB08D00269C56 /* SAScene.swift in Sources */ = {isa = PBXBuildFile; fileRef = 80E216CF245DB08D00269C56 /* SAScene.swift */; };
		80E216D2245DB0E500269C56 /* SATexture.swift in Sources */ = {isa = PBXBuildFile; fileRef = 80E216D1245DB0E500269C56 /* SATexture.swift */; };
		80E216D4245DB13400269C56 /* SAAsset.swift in Sources */ = {isa = PBXBuildFile; fileRef = 80E216D3245DB13400269C56 /* SAAsset.swift */; };
		80E216D6245DB1CF00269C56 /* SACamera.swift in Sources */ = {isa = PBXBuildFile; fileRef = 80E216D5245DB1CF00269C56 /* SACamera.swift */; };
		80E216D8245DB22F00269C56 /* SABuffer.swift in Sources */ = {isa = PBXBuildFile; fileRef = 80E216D7245DB22F00269C56 /* SABuffer.swift */; };
		80E216DA245DB5B500269C56 /* SALight.swift in Sources */ = {isa = PBXBuildFile; fileRef = 80E216D9245DB5B500269C56 /* SALight.swift */; };
		80E216DC245DBA6F00269C56 /* GLTFImporter.swift in Sources */ = {isa = PBXBuildFile; fileRef = 80E216DB245DBA6F00269C56 /* GLTFImporter.swift */; };
		80E216DE245DBA7600269C56 /* ObjImporter.swift in Sources */ = {isa = PBXBuildFile; fileRef = 80E216DD245DBA7600269C56 /* ObjImporter.swift */; };
		80E216E3245DD18600269C56 /* MathLib.swift in Sources */ = {isa = PBXBuildFile; fileRef = 80E216E2245DD18600269C56 /* MathLib.swift */; };
		80E216E5245EF9EB00269C56 /* SABufferView.swift in Sources */ = {isa = PBXBuildFile; fileRef = 80E216E4245EF9EB00269C56 /* SABufferView.swift */; };
/* End PBXBuildFile section */

/* Begin PBXCopyFilesBuildPhase section */
		801E8409246464180021CEAD /* Embed Frameworks */ = {
			isa = PBXCopyFilesBuildPhase;
			buildActionMask = 2147483647;
			dstPath = "";
			dstSubfolderSpec = 10;
			files = (
			);
			name = "Embed Frameworks";
			runOnlyForDeploymentPostprocessing = 0;
		};
		808695FF23B8D2B20007E75D /* CopyFiles */ = {
			isa = PBXCopyFilesBuildPhase;
			buildActionMask = 2147483647;
			dstPath = /usr/share/man/man1/;
			dstSubfolderSpec = 0;
			files = (
			);
			runOnlyForDeploymentPostprocessing = 1;
		};
/* End PBXCopyFilesBuildPhase section */

/* Begin PBXFileReference section */
		801E840B246464370021CEAD /* Metal.framework */ = {isa = PBXFileReference; lastKnownFileType = wrapper.framework; name = Metal.framework; path = System/Library/Frameworks/Metal.framework; sourceTree = SDKROOT; };
		801E840D246469E90021CEAD /* SparrowSceneConverter.entitlements */ = {isa = PBXFileReference; lastKnownFileType = text.plist.entitlements; path = SparrowSceneConverter.entitlements; sourceTree = "<group>"; };
		801E843C24670F940021CEAD /* SparrowBinaryCoder.framework */ = {isa = PBXFileReference; explicitFileType = wrapper.framework; path = SparrowBinaryCoder.framework; sourceTree = BUILT_PRODUCTS_DIR; };
		801E8449246829510021CEAD /* ObjParser.swift */ = {isa = PBXFileReference; lastKnownFileType = sourcecode.swift; path = ObjParser.swift; sourceTree = "<group>"; };
		801E844B246829570021CEAD /* MtlParser.swift */ = {isa = PBXFileReference; lastKnownFileType = sourcecode.swift; path = MtlParser.swift; sourceTree = "<group>"; };
		801E844D246829770021CEAD /* StructuredTextParser.swift */ = {isa = PBXFileReference; lastKnownFileType = sourcecode.swift; path = StructuredTextParser.swift; sourceTree = "<group>"; };
		801E844F246829F40021CEAD /* ObjTypes.swift */ = {isa = PBXFileReference; lastKnownFileType = sourcecode.swift; path = ObjTypes.swift; sourceTree = "<group>"; };
		801E845124682A310021CEAD /* ToolExtensions.swift */ = {isa = PBXFileReference; lastKnownFileType = sourcecode.swift; name = ToolExtensions.swift; path = OBJ/ToolExtensions.swift; sourceTree = "<group>"; };
		8086960123B8D2B20007E75D /* SparrowSceneConverter */ = {isa = PBXFileReference; explicitFileType = "compiled.mach-o.executable"; includeInIndex = 0; path = SparrowSceneConverter; sourceTree = BUILT_PRODUCTS_DIR; };
		8086960423B8D2B20007E75D /* main.swift */ = {isa = PBXFileReference; lastKnownFileType = sourcecode.swift; path = main.swift; sourceTree = "<group>"; };
		80E2163B245C1E7700269C56 /* SparrowSceneConverter-Bridging-Header.h */ = {isa = PBXFileReference; lastKnownFileType = sourcecode.c.h; path = "SparrowSceneConverter-Bridging-Header.h"; sourceTree = "<group>"; };
		80E216C2245C205100269C56 /* CPlusPlusLinkage.cpp */ = {isa = PBXFileReference; lastKnownFileType = sourcecode.cpp.cpp; path = CPlusPlusLinkage.cpp; sourceTree = "<group>"; };
		80E216C5245C4FA000269C56 /* SAMaterial.swift */ = {isa = PBXFileReference; lastKnownFileType = sourcecode.swift; path = SAMaterial.swift; sourceTree = "<group>"; };
		80E216C9245DAF5600269C56 /* SAMesh.swift */ = {isa = PBXFileReference; lastKnownFileType = sourcecode.swift; path = SAMesh.swift; sourceTree = "<group>"; };
		80E216CB245DAF5B00269C56 /* SANode.swift */ = {isa = PBXFileReference; lastKnownFileType = sourcecode.swift; path = SANode.swift; sourceTree = "<group>"; };
		80E216CD245DAF6000269C56 /* SASubmesh.swift */ = {isa = PBXFileReference; lastKnownFileType = sourcecode.swift; path = SASubmesh.swift; sourceTree = "<group>"; };
		80E216CF245DB08D00269C56 /* SAScene.swift */ = {isa = PBXFileReference; lastKnownFileType = sourcecode.swift; path = SAScene.swift; sourceTree = "<group>"; };
		80E216D1245DB0E500269C56 /* SATexture.swift */ = {isa = PBXFileReference; lastKnownFileType = sourcecode.swift; path = SATexture.swift; sourceTree = "<group>"; };
		80E216D3245DB13400269C56 /* SAAsset.swift */ = {isa = PBXFileReference; lastKnownFileType = sourcecode.swift; path = SAAsset.swift; sourceTree = "<group>"; };
		80E216D5245DB1CF00269C56 /* SACamera.swift */ = {isa = PBXFileReference; lastKnownFileType = sourcecode.swift; path = SACamera.swift; sourceTree = "<group>"; };
		80E216D7245DB22F00269C56 /* SABuffer.swift */ = {isa = PBXFileReference; lastKnownFileType = sourcecode.swift; path = SABuffer.swift; sourceTree = "<group>"; };
		80E216D9245DB5B500269C56 /* SALight.swift */ = {isa = PBXFileReference; lastKnownFileType = sourcecode.swift; path = SALight.swift; sourceTree = "<group>"; };
		80E216DB245DBA6F00269C56 /* GLTFImporter.swift */ = {isa = PBXFileReference; lastKnownFileType = sourcecode.swift; path = GLTFImporter.swift; sourceTree = "<group>"; };
		80E216DD245DBA7600269C56 /* ObjImporter.swift */ = {isa = PBXFileReference; lastKnownFileType = sourcecode.swift; path = ObjImporter.swift; sourceTree = "<group>"; };
		80E216E2245DD18600269C56 /* MathLib.swift */ = {isa = PBXFileReference; lastKnownFileType = sourcecode.swift; path = MathLib.swift; sourceTree = "<group>"; };
		80E216E4245EF9EB00269C56 /* SABufferView.swift */ = {isa = PBXFileReference; lastKnownFileType = sourcecode.swift; path = SABufferView.swift; sourceTree = "<group>"; };
/* End PBXFileReference section */

/* Begin PBXFrameworksBuildPhase section */
		808695FE23B8D2B20007E75D /* Frameworks */ = {
			isa = PBXFrameworksBuildPhase;
			buildActionMask = 2147483647;
			files = (
				801E843D24670F940021CEAD /* SparrowBinaryCoder.framework in Frameworks */,
				801E840C246464370021CEAD /* Metal.framework in Frameworks */,
			);
			runOnlyForDeploymentPostprocessing = 0;
		};
/* End PBXFrameworksBuildPhase section */

/* Begin PBXGroup section */
		801E8448246828A60021CEAD /* OBJ */ = {
			isa = PBXGroup;
			children = (
				80E216DD245DBA7600269C56 /* ObjImporter.swift */,
				801E844F246829F40021CEAD /* ObjTypes.swift */,
				801E8449246829510021CEAD /* ObjParser.swift */,
				801E844B246829570021CEAD /* MtlParser.swift */,
				801E844D246829770021CEAD /* StructuredTextParser.swift */,
			);
			path = OBJ;
			sourceTree = "<group>";
		};
		801E8453246834720021CEAD /* GLTF */ = {
			isa = PBXGroup;
			children = (
				80E216DB245DBA6F00269C56 /* GLTFImporter.swift */,
			);
			path = GLTF;
			sourceTree = "<group>";
		};
		808695F823B8D2B20007E75D = {
			isa = PBXGroup;
			children = (
				8086960323B8D2B20007E75D /* SparrowSceneConverter */,
				80E21642245C1F0600269C56 /* External */,
				8086960223B8D2B20007E75D /* Products */,
				8086960B23B8D2CD0007E75D /* Frameworks */,
			);
			sourceTree = "<group>";
		};
		8086960223B8D2B20007E75D /* Products */ = {
			isa = PBXGroup;
			children = (
				8086960123B8D2B20007E75D /* SparrowSceneConverter */,
			);
			name = Products;
			sourceTree = "<group>";
		};
		8086960323B8D2B20007E75D /* SparrowSceneConverter */ = {
			isa = PBXGroup;
			children = (
				801E840D246469E90021CEAD /* SparrowSceneConverter.entitlements */,
				80E216C4245C4F8400269C56 /* SparrowAsset */,
				8086960423B8D2B20007E75D /* main.swift */,
				801E845124682A310021CEAD /* ToolExtensions.swift */,
				80E216E2245DD18600269C56 /* MathLib.swift */,
				801E8453246834720021CEAD /* GLTF */,
				801E8448246828A60021CEAD /* OBJ */,
				80E216C8245DAF4500269C56 /* Support */,
			);
			path = SparrowSceneConverter;
			sourceTree = "<group>";
		};
		8086960B23B8D2CD0007E75D /* Frameworks */ = {
			isa = PBXGroup;
			children = (
				801E843C24670F940021CEAD /* SparrowBinaryCoder.framework */,
				801E840B246464370021CEAD /* Metal.framework */,
			);
			name = Frameworks;
			sourceTree = "<group>";
		};
		80E21642245C1F0600269C56 /* External */ = {
			isa = PBXGroup;
			children = (
			);
			path = External;
			sourceTree = "<group>";
		};
		80E216C4245C4F8400269C56 /* SparrowAsset */ = {
			isa = PBXGroup;
			children = (
				80E216C5245C4FA000269C56 /* SAMaterial.swift */,
				80E216D3245DB13400269C56 /* SAAsset.swift */,
				80E216CB245DAF5B00269C56 /* SANode.swift */,
				80E216C9245DAF5600269C56 /* SAMesh.swift */,
				80E216CD245DAF6000269C56 /* SASubmesh.swift */,
				80E216CF245DB08D00269C56 /* SAScene.swift */,
				80E216D1245DB0E500269C56 /* SATexture.swift */,
				80E216D5245DB1CF00269C56 /* SACamera.swift */,
				80E216D9245DB5B500269C56 /* SALight.swift */,
				80E216D7245DB22F00269C56 /* SABuffer.swift */,
				80E216E4245EF9EB00269C56 /* SABufferView.swift */,
			);
			path = SparrowAsset;
			sourceTree = "<group>";
		};
		80E216C8245DAF4500269C56 /* Support */ = {
			isa = PBXGroup;
			children = (
				80E2163B245C1E7700269C56 /* SparrowSceneConverter-Bridging-Header.h */,
				80E216C2245C205100269C56 /* CPlusPlusLinkage.cpp */,
			);
			name = Support;
			sourceTree = "<group>";
		};
/* End PBXGroup section */

/* Begin PBXNativeTarget section */
		8086960023B8D2B20007E75D /* SparrowSceneConverter */ = {
			isa = PBXNativeTarget;
			buildConfigurationList = 8086960823B8D2B20007E75D /* Build configuration list for PBXNativeTarget "SparrowSceneConverter" */;
			buildPhases = (
				808695FD23B8D2B20007E75D /* Sources */,
				808695FE23B8D2B20007E75D /* Frameworks */,
				808695FF23B8D2B20007E75D /* CopyFiles */,
				801E8409246464180021CEAD /* Embed Frameworks */,
			);
			buildRules = (
			);
			dependencies = (
			);
			name = SparrowSceneConverter;
			packageProductDependencies = (
			);
			productName = SparrowSceneConverter;
			productReference = 8086960123B8D2B20007E75D /* SparrowSceneConverter */;
			productType = "com.apple.product-type.tool";
		};
/* End PBXNativeTarget section */

/* Begin PBXProject section */
		808695F923B8D2B20007E75D /* Project object */ = {
			isa = PBXProject;
			attributes = {
				LastSwiftUpdateCheck = 1120;
				LastUpgradeCheck = 1140;
				ORGANIZATIONNAME = "Jos Kuijpers";
				TargetAttributes = {
					8086960023B8D2B20007E75D = {
						CreatedOnToolsVersion = 11.2.1;
						LastSwiftMigration = 1140;
					};
				};
			};
			buildConfigurationList = 808695FC23B8D2B20007E75D /* Build configuration list for PBXProject "SparrowSceneConverter" */;
			compatibilityVersion = "Xcode 9.3";
			developmentRegion = en;
			hasScannedForEncodings = 0;
			knownRegions = (
				en,
				Base,
			);
			mainGroup = 808695F823B8D2B20007E75D;
			packageReferences = (
			);
			productRefGroup = 8086960223B8D2B20007E75D /* Products */;
			projectDirPath = "";
			projectRoot = "";
			targets = (
				8086960023B8D2B20007E75D /* SparrowSceneConverter */,
			);
		};
/* End PBXProject section */

/* Begin PBXSourcesBuildPhase section */
		808695FD23B8D2B20007E75D /* Sources */ = {
			isa = PBXSourcesBuildPhase;
			buildActionMask = 2147483647;
			files = (
				80E216DC245DBA6F00269C56 /* GLTFImporter.swift in Sources */,
				80E216DA245DB5B500269C56 /* SALight.swift in Sources */,
				80E216CA245DAF5600269C56 /* SAMesh.swift in Sources */,
				801E844E246829770021CEAD /* StructuredTextParser.swift in Sources */,
				801E844A246829510021CEAD /* ObjParser.swift in Sources */,
				80E216DE245DBA7600269C56 /* ObjImporter.swift in Sources */,
				80E216C3245C205100269C56 /* CPlusPlusLinkage.cpp in Sources */,
				80E216D8245DB22F00269C56 /* SABuffer.swift in Sources */,
				80E216E5245EF9EB00269C56 /* SABufferView.swift in Sources */,
				801E8450246829F40021CEAD /* ObjTypes.swift in Sources */,
				80E216CC245DAF5B00269C56 /* SANode.swift in Sources */,
				80E216E3245DD18600269C56 /* MathLib.swift in Sources */,
				80E216CE245DAF6000269C56 /* SASubmesh.swift in Sources */,
				80E216C6245C4FA000269C56 /* SAMaterial.swift in Sources */,
				8086960523B8D2B20007E75D /* main.swift in Sources */,
				80E216D0245DB08D00269C56 /* SAScene.swift in Sources */,
				80E216D4245DB13400269C56 /* SAAsset.swift in Sources */,
				801E845224682A310021CEAD /* ToolExtensions.swift in Sources */,
				80E216D6245DB1CF00269C56 /* SACamera.swift in Sources */,
				801E844C246829570021CEAD /* MtlParser.swift in Sources */,
				80E216D2245DB0E500269C56 /* SATexture.swift in Sources */,
			);
			runOnlyForDeploymentPostprocessing = 0;
		};
/* End PBXSourcesBuildPhase section */

/* Begin XCBuildConfiguration section */
		8086960623B8D2B20007E75D /* Debug */ = {
			isa = XCBuildConfiguration;
			buildSettings = {
				ALWAYS_SEARCH_USER_PATHS = NO;
				CLANG_ANALYZER_NONNULL = YES;
				CLANG_ANALYZER_NUMBER_OBJECT_CONVERSION = YES_AGGRESSIVE;
				CLANG_CXX_LANGUAGE_STANDARD = "gnu++14";
				CLANG_CXX_LIBRARY = "libc++";
				CLANG_ENABLE_MODULES = YES;
				CLANG_ENABLE_OBJC_ARC = YES;
				CLANG_ENABLE_OBJC_WEAK = YES;
				CLANG_WARN_BLOCK_CAPTURE_AUTORELEASING = YES;
				CLANG_WARN_BOOL_CONVERSION = YES;
				CLANG_WARN_COMMA = YES;
				CLANG_WARN_CONSTANT_CONVERSION = YES;
				CLANG_WARN_DEPRECATED_OBJC_IMPLEMENTATIONS = YES;
				CLANG_WARN_DIRECT_OBJC_ISA_USAGE = YES_ERROR;
				CLANG_WARN_DOCUMENTATION_COMMENTS = YES;
				CLANG_WARN_EMPTY_BODY = YES;
				CLANG_WARN_ENUM_CONVERSION = YES;
				CLANG_WARN_INFINITE_RECURSION = YES;
				CLANG_WARN_INT_CONVERSION = YES;
				CLANG_WARN_NON_LITERAL_NULL_CONVERSION = YES;
				CLANG_WARN_OBJC_IMPLICIT_RETAIN_SELF = YES;
				CLANG_WARN_OBJC_LITERAL_CONVERSION = YES;
				CLANG_WARN_OBJC_ROOT_CLASS = YES_ERROR;
				CLANG_WARN_RANGE_LOOP_ANALYSIS = YES;
				CLANG_WARN_STRICT_PROTOTYPES = YES;
				CLANG_WARN_SUSPICIOUS_MOVE = YES;
				CLANG_WARN_UNGUARDED_AVAILABILITY = YES_AGGRESSIVE;
				CLANG_WARN_UNREACHABLE_CODE = YES;
				CLANG_WARN__DUPLICATE_METHOD_MATCH = YES;
				COPY_PHASE_STRIP = NO;
				DEBUG_INFORMATION_FORMAT = dwarf;
				ENABLE_STRICT_OBJC_MSGSEND = YES;
				ENABLE_TESTABILITY = YES;
				GCC_C_LANGUAGE_STANDARD = gnu11;
				GCC_DYNAMIC_NO_PIC = NO;
				GCC_NO_COMMON_BLOCKS = YES;
				GCC_OPTIMIZATION_LEVEL = 0;
				GCC_PREPROCESSOR_DEFINITIONS = (
					"DEBUG=1",
					"$(inherited)",
				);
				GCC_WARN_64_TO_32_BIT_CONVERSION = YES;
				GCC_WARN_ABOUT_RETURN_TYPE = YES_ERROR;
				GCC_WARN_UNDECLARED_SELECTOR = YES;
				GCC_WARN_UNINITIALIZED_AUTOS = YES_AGGRESSIVE;
				GCC_WARN_UNUSED_FUNCTION = YES;
				GCC_WARN_UNUSED_VARIABLE = YES;
				HEADER_SEARCH_PATHS = (
					./assimp/lib/,
					"$(PROJECT_DIR)/External/assimp/include/",
				);
				MACOSX_DEPLOYMENT_TARGET = 10.15;
				MTL_ENABLE_DEBUG_INFO = INCLUDE_SOURCE;
				MTL_FAST_MATH = YES;
				ONLY_ACTIVE_ARCH = YES;
				SDKROOT = macosx;
				SWIFT_ACTIVE_COMPILATION_CONDITIONS = DEBUG;
				SWIFT_OBJC_BRIDGING_HEADER = "SparrowSceneConverter/SparrowSceneConverter-Bridging-Header.h";
				SWIFT_OPTIMIZATION_LEVEL = "-Onone";
			};
			name = Debug;
		};
		8086960723B8D2B20007E75D /* Release */ = {
			isa = XCBuildConfiguration;
			buildSettings = {
				ALWAYS_SEARCH_USER_PATHS = NO;
				CLANG_ANALYZER_NONNULL = YES;
				CLANG_ANALYZER_NUMBER_OBJECT_CONVERSION = YES_AGGRESSIVE;
				CLANG_CXX_LANGUAGE_STANDARD = "gnu++14";
				CLANG_CXX_LIBRARY = "libc++";
				CLANG_ENABLE_MODULES = YES;
				CLANG_ENABLE_OBJC_ARC = YES;
				CLANG_ENABLE_OBJC_WEAK = YES;
				CLANG_WARN_BLOCK_CAPTURE_AUTORELEASING = YES;
				CLANG_WARN_BOOL_CONVERSION = YES;
				CLANG_WARN_COMMA = YES;
				CLANG_WARN_CONSTANT_CONVERSION = YES;
				CLANG_WARN_DEPRECATED_OBJC_IMPLEMENTATIONS = YES;
				CLANG_WARN_DIRECT_OBJC_ISA_USAGE = YES_ERROR;
				CLANG_WARN_DOCUMENTATION_COMMENTS = YES;
				CLANG_WARN_EMPTY_BODY = YES;
				CLANG_WARN_ENUM_CONVERSION = YES;
				CLANG_WARN_INFINITE_RECURSION = YES;
				CLANG_WARN_INT_CONVERSION = YES;
				CLANG_WARN_NON_LITERAL_NULL_CONVERSION = YES;
				CLANG_WARN_OBJC_IMPLICIT_RETAIN_SELF = YES;
				CLANG_WARN_OBJC_LITERAL_CONVERSION = YES;
				CLANG_WARN_OBJC_ROOT_CLASS = YES_ERROR;
				CLANG_WARN_RANGE_LOOP_ANALYSIS = YES;
				CLANG_WARN_STRICT_PROTOTYPES = YES;
				CLANG_WARN_SUSPICIOUS_MOVE = YES;
				CLANG_WARN_UNGUARDED_AVAILABILITY = YES_AGGRESSIVE;
				CLANG_WARN_UNREACHABLE_CODE = YES;
				CLANG_WARN__DUPLICATE_METHOD_MATCH = YES;
				COPY_PHASE_STRIP = NO;
				DEBUG_INFORMATION_FORMAT = "dwarf-with-dsym";
				ENABLE_NS_ASSERTIONS = NO;
				ENABLE_STRICT_OBJC_MSGSEND = YES;
				GCC_C_LANGUAGE_STANDARD = gnu11;
				GCC_NO_COMMON_BLOCKS = YES;
				GCC_WARN_64_TO_32_BIT_CONVERSION = YES;
				GCC_WARN_ABOUT_RETURN_TYPE = YES_ERROR;
				GCC_WARN_UNDECLARED_SELECTOR = YES;
				GCC_WARN_UNINITIALIZED_AUTOS = YES_AGGRESSIVE;
				GCC_WARN_UNUSED_FUNCTION = YES;
				GCC_WARN_UNUSED_VARIABLE = YES;
				HEADER_SEARCH_PATHS = (
					./assimp/lib/,
					"$(PROJECT_DIR)/External/assimp/include/",
				);
				MACOSX_DEPLOYMENT_TARGET = 10.15;
				MTL_ENABLE_DEBUG_INFO = NO;
				MTL_FAST_MATH = YES;
				SDKROOT = macosx;
				SWIFT_COMPILATION_MODE = wholemodule;
				SWIFT_OBJC_BRIDGING_HEADER = "SparrowSceneConverter/SparrowSceneConverter-Bridging-Header.h";
				SWIFT_OPTIMIZATION_LEVEL = "-O";
			};
			name = Release;
		};
		8086960923B8D2B20007E75D /* Debug */ = {
			isa = XCBuildConfiguration;
			buildSettings = {
				CLANG_ENABLE_MODULES = YES;
				CODE_SIGN_ENTITLEMENTS = SparrowSceneConverter/SparrowSceneConverter.entitlements;
				CODE_SIGN_IDENTITY = "Apple Development";
				CODE_SIGN_STYLE = Automatic;
				DEVELOPMENT_TEAM = 95XB3LMP34;
				ENABLE_HARDENED_RUNTIME = YES;
				LD_RUNPATH_SEARCH_PATHS = (
					"$(inherited)",
					"@executable_path/../Frameworks",
					"@loader_path/../Frameworks",
				);
				LIBRARY_SEARCH_PATHS = (
					"$(inherited)",
					"$(PROJECT_DIR)",
					"$(PROJECT_DIR)/External/assimp/lib",
				);
				PRODUCT_NAME = "$(TARGET_NAME)";
				SWIFT_OPTIMIZATION_LEVEL = "-Onone";
				SWIFT_VERSION = 5.0;
			};
			name = Debug;
		};
		8086960A23B8D2B20007E75D /* Release */ = {
			isa = XCBuildConfiguration;
			buildSettings = {
				CLANG_ENABLE_MODULES = YES;
				CODE_SIGN_ENTITLEMENTS = SparrowSceneConverter/SparrowSceneConverter.entitlements;
				CODE_SIGN_IDENTITY = "Apple Development";
				CODE_SIGN_STYLE = Automatic;
				DEVELOPMENT_TEAM = 95XB3LMP34;
				ENABLE_HARDENED_RUNTIME = YES;
				LD_RUNPATH_SEARCH_PATHS = (
					"$(inherited)",
					"@executable_path/../Frameworks",
					"@loader_path/../Frameworks",
				);
				LIBRARY_SEARCH_PATHS = (
					"$(inherited)",
					"$(PROJECT_DIR)",
					"$(PROJECT_DIR)/External/assimp/lib",
				);
				PRODUCT_NAME = "$(TARGET_NAME)";
				SWIFT_VERSION = 5.0;
			};
			name = Release;
		};
/* End XCBuildConfiguration section */

/* Begin XCConfigurationList section */
		808695FC23B8D2B20007E75D /* Build configuration list for PBXProject "SparrowSceneConverter" */ = {
			isa = XCConfigurationList;
			buildConfigurations = (
				8086960623B8D2B20007E75D /* Debug */,
				8086960723B8D2B20007E75D /* Release */,
			);
			defaultConfigurationIsVisible = 0;
			defaultConfigurationName = Release;
		};
		8086960823B8D2B20007E75D /* Build configuration list for PBXNativeTarget "SparrowSceneConverter" */ = {
			isa = XCConfigurationList;
			buildConfigurations = (
				8086960923B8D2B20007E75D /* Debug */,
				8086960A23B8D2B20007E75D /* Release */,
			);
			defaultConfigurationIsVisible = 0;
			defaultConfigurationName = Release;
		};
/* End XCConfigurationList section */
	};
	rootObject = 808695F923B8D2B20007E75D /* Project object */;
}
